// !$*UTF8*$!
{
	archiveVersion = 1;
	classes = {
	};
	objectVersion = 50;
	objects = {

/* Begin PBXBuildFile section */
		C031971320BBF522008CCC4D /* VPImageCropperViewController.m in Sources */ = {isa = PBXBuildFile; fileRef = C031970F20BBF522008CCC4D /* VPImageCropperViewController.m */; };
		C031971420BBF522008CCC4D /* FYSystemCameraController.m in Sources */ = {isa = PBXBuildFile; fileRef = C031971220BBF522008CCC4D /* FYSystemCameraController.m */; };
		C031971A20BBF577008CCC4D /* AVExportContectsTool.m in Sources */ = {isa = PBXBuildFile; fileRef = C031971620BBF577008CCC4D /* AVExportContectsTool.m */; };
		C031971B20BBF577008CCC4D /* ATSettingPermissionCheckTool.m in Sources */ = {isa = PBXBuildFile; fileRef = C031971920BBF577008CCC4D /* ATSettingPermissionCheckTool.m */; };
		C031972020BBF6D1008CCC4D /* YLLocalImageUpload.m in Sources */ = {isa = PBXBuildFile; fileRef = C031971E20BBF6D1008CCC4D /* YLLocalImageUpload.m */; };
		C031972120BBF6D1008CCC4D /* YLLocalImageUpload.xib in Resources */ = {isa = PBXBuildFile; fileRef = C031971F20BBF6D1008CCC4D /* YLLocalImageUpload.xib */; };
		C032B3F320E32B1400A54277 /* YLMenuViewController.m in Sources */ = {isa = PBXBuildFile; fileRef = C032B3F220E32B1400A54277 /* YLMenuViewController.m */; };
		C032B3F620E32B4E00A54277 /* YLMenuCell.m in Sources */ = {isa = PBXBuildFile; fileRef = C032B3F520E32B4E00A54277 /* YLMenuCell.m */; };
		C032B3F920E3308700A54277 /* YLMenuCellModel.m in Sources */ = {isa = PBXBuildFile; fileRef = C032B3F820E3308700A54277 /* YLMenuCellModel.m */; };
		C032B40720E3336700A54277 /* qj@3x.png in Resources */ = {isa = PBXBuildFile; fileRef = C032B40020E3336700A54277 /* qj@3x.png */; };
		C032B40820E3336700A54277 /* qj@2x.png in Resources */ = {isa = PBXBuildFile; fileRef = C032B40120E3336700A54277 /* qj@2x.png */; };
		C032B40920E3336700A54277 /* AYMenuCell.xib in Resources */ = {isa = PBXBuildFile; fileRef = C032B40220E3336700A54277 /* AYMenuCell.xib */; };
		C032B40A20E3336700A54277 /* AYMenuView.m in Sources */ = {isa = PBXBuildFile; fileRef = C032B40320E3336700A54277 /* AYMenuView.m */; };
		C032B40B20E3336700A54277 /* AYMenuItem.m in Sources */ = {isa = PBXBuildFile; fileRef = C032B40420E3336700A54277 /* AYMenuItem.m */; };
		C032B40C20E3336700A54277 /* AYMenuCell.m in Sources */ = {isa = PBXBuildFile; fileRef = C032B40520E3336700A54277 /* AYMenuCell.m */; };
		C032B40D20E3336700A54277 /* AYMenuData.m in Sources */ = {isa = PBXBuildFile; fileRef = C032B40620E3336700A54277 /* AYMenuData.m */; };
		C032B41320E3678800A54277 /* YLMenuPushViewController.m in Sources */ = {isa = PBXBuildFile; fileRef = C032B41120E3678800A54277 /* YLMenuPushViewController.m */; };
		C032B41420E3678800A54277 /* YLMenuPushViewController.xib in Resources */ = {isa = PBXBuildFile; fileRef = C032B41220E3678800A54277 /* YLMenuPushViewController.xib */; };
		C033FF0020B5176E00470BFC /* AppDelegate.m in Sources */ = {isa = PBXBuildFile; fileRef = C033FEFF20B5176E00470BFC /* AppDelegate.m */; };
		C033FF0320B5176E00470BFC /* ViewController.m in Sources */ = {isa = PBXBuildFile; fileRef = C033FF0220B5176E00470BFC /* ViewController.m */; };
		C033FF0620B5176E00470BFC /* Main.storyboard in Resources */ = {isa = PBXBuildFile; fileRef = C033FF0420B5176E00470BFC /* Main.storyboard */; };
		C033FF0820B5177000470BFC /* Assets.xcassets in Resources */ = {isa = PBXBuildFile; fileRef = C033FF0720B5177000470BFC /* Assets.xcassets */; };
		C033FF0B20B5177000470BFC /* LaunchScreen.storyboard in Resources */ = {isa = PBXBuildFile; fileRef = C033FF0920B5177000470BFC /* LaunchScreen.storyboard */; };
		C033FF0E20B5177000470BFC /* main.m in Sources */ = {isa = PBXBuildFile; fileRef = C033FF0D20B5177000470BFC /* main.m */; };
		C03ACE7420C6873D001B5C30 /* YLScratchableLatexViewController.m in Sources */ = {isa = PBXBuildFile; fileRef = C03ACE7320C6873D001B5C30 /* YLScratchableLatexViewController.m */; };
		C03ACE7720C68762001B5C30 /* YLScratchableLatexModel.m in Sources */ = {isa = PBXBuildFile; fileRef = C03ACE7620C68762001B5C30 /* YLScratchableLatexModel.m */; };
		C03ACE7A20C68790001B5C30 /* YLScratchableLatexCell.m in Sources */ = {isa = PBXBuildFile; fileRef = C03ACE7920C68790001B5C30 /* YLScratchableLatexCell.m */; };
		C03ACE7D20C687AA001B5C30 /* YLScratchableLatexView.m in Sources */ = {isa = PBXBuildFile; fileRef = C03ACE7C20C687AA001B5C30 /* YLScratchableLatexView.m */; };
		C04312D220BE3A69002E345F /* YLLocalNotificationsViewController.m in Sources */ = {isa = PBXBuildFile; fileRef = C04312D020BE3A69002E345F /* YLLocalNotificationsViewController.m */; };
		C04312D320BE3A69002E345F /* YLLocalNotificationsViewController.xib in Resources */ = {isa = PBXBuildFile; fileRef = C04312D120BE3A69002E345F /* YLLocalNotificationsViewController.xib */; };
		C04312D620BE3D54002E345F /* AppDelegate+AppService.m in Sources */ = {isa = PBXBuildFile; fileRef = C04312D520BE3D54002E345F /* AppDelegate+AppService.m */; };
		C04312DA20BE74AE002E345F /* YLFoldingCellViewController.m in Sources */ = {isa = PBXBuildFile; fileRef = C04312D920BE74AE002E345F /* YLFoldingCellViewController.m */; };
		C04312E320BE7511002E345F /* UIView+SnapShot.m in Sources */ = {isa = PBXBuildFile; fileRef = C04312DD20BE7511002E345F /* UIView+SnapShot.m */; };
		C04312E420BE7511002E345F /* HSFolderCell.m in Sources */ = {isa = PBXBuildFile; fileRef = C04312DE20BE7511002E345F /* HSFolderCell.m */; };
		C04312E520BE7511002E345F /* HSRotatedView.m in Sources */ = {isa = PBXBuildFile; fileRef = C04312DF20BE7511002E345F /* HSRotatedView.m */; };
		C04312E820BE753A002E345F /* DemoFoldingCell.m in Sources */ = {isa = PBXBuildFile; fileRef = C04312E720BE753A002E345F /* DemoFoldingCell.m */; };
		C04A798620C53466005CE5C9 /* NSDate+CalendarTool.m in Sources */ = {isa = PBXBuildFile; fileRef = C04A798520C53466005CE5C9 /* NSDate+CalendarTool.m */; };
		C04A798A20C535A2005CE5C9 /* NSString+Check.m in Sources */ = {isa = PBXBuildFile; fileRef = C04A798820C535A2005CE5C9 /* NSString+Check.m */; };
		C074141620CD069200E8FB9D /* YLJParagraphModel.m in Sources */ = {isa = PBXBuildFile; fileRef = C074141520CD069200E8FB9D /* YLJParagraphModel.m */; };
		C074141920CD09F300E8FB9D /* YLAdaptFontCell.m in Sources */ = {isa = PBXBuildFile; fileRef = C074141820CD09F300E8FB9D /* YLAdaptFontCell.m */; };
		C074141C20CD0B7500E8FB9D /* YLAdaptFontViewController.m in Sources */ = {isa = PBXBuildFile; fileRef = C074141B20CD0B7500E8FB9D /* YLAdaptFontViewController.m */; };
		C07CF23F20D68D21007D12CA /* DBSphereView.m in Sources */ = {isa = PBXBuildFile; fileRef = C07CF23E20D68D21007D12CA /* DBSphereView.m */; };
		C07CF24220D68D90007D12CA /* YLSphereTagCloudViewController.m in Sources */ = {isa = PBXBuildFile; fileRef = C07CF24120D68D90007D12CA /* YLSphereTagCloudViewController.m */; };
		C08338F020BAD68A00F6CAF6 /* UIView+YLLoading.m in Sources */ = {isa = PBXBuildFile; fileRef = C08338EF20BAD68A00F6CAF6 /* UIView+YLLoading.m */; };
		C08338F320BAD84100F6CAF6 /* YLTabBarControllerConfig.m in Sources */ = {isa = PBXBuildFile; fileRef = C08338F220BAD84100F6CAF6 /* YLTabBarControllerConfig.m */; };
		C083390C20BADF1A00F6CAF6 /* YLShowViewController.m in Sources */ = {isa = PBXBuildFile; fileRef = C083390B20BADF1A00F6CAF6 /* YLShowViewController.m */; };
		C083390F20BADF6F00F6CAF6 /* YLShowViewModel.m in Sources */ = {isa = PBXBuildFile; fileRef = C083390E20BADF6F00F6CAF6 /* YLShowViewModel.m */; };
		C083391320BAE13200F6CAF6 /* YLBaseModel.m in Sources */ = {isa = PBXBuildFile; fileRef = C083391220BAE13200F6CAF6 /* YLBaseModel.m */; };
		C083391620BAE1F700F6CAF6 /* YLBaseFrameModel.m in Sources */ = {isa = PBXBuildFile; fileRef = C083391520BAE1F700F6CAF6 /* YLBaseFrameModel.m */; };
		C083391920BAE6BA00F6CAF6 /* YLShowListCellModel.m in Sources */ = {isa = PBXBuildFile; fileRef = C083391820BAE6BA00F6CAF6 /* YLShowListCellModel.m */; };
		C083391C20BAE86D00F6CAF6 /* YLShowListView.m in Sources */ = {isa = PBXBuildFile; fileRef = C083391B20BAE86D00F6CAF6 /* YLShowListView.m */; };
		C083392520BAF73100F6CAF6 /* YLShowImageViewController.m in Sources */ = {isa = PBXBuildFile; fileRef = C083392320BAF73100F6CAF6 /* YLShowImageViewController.m */; };
		C083392620BAF73100F6CAF6 /* YLShowImageViewController.xib in Resources */ = {isa = PBXBuildFile; fileRef = C083392420BAF73100F6CAF6 /* YLShowImageViewController.xib */; };
		C0AEB40820E214DF0030F533 /* XLSlideSegmentedItem.m in Sources */ = {isa = PBXBuildFile; fileRef = C0AEB40220E214DF0030F533 /* XLSlideSegmentedItem.m */; };
		C0AEB40920E214DF0030F533 /* XLSlideSegmented.m in Sources */ = {isa = PBXBuildFile; fileRef = C0AEB40420E214DF0030F533 /* XLSlideSegmented.m */; };
		C0AEB40A20E214DF0030F533 /* XLSegmentedSlideSwitch.m in Sources */ = {isa = PBXBuildFile; fileRef = C0AEB40520E214DF0030F533 /* XLSegmentedSlideSwitch.m */; };
		C0AEB40B20E214DF0030F533 /* XLSlideSwitch.m in Sources */ = {isa = PBXBuildFile; fileRef = C0AEB40620E214DF0030F533 /* XLSlideSwitch.m */; };
		C0AEB41B20E215620030F533 /* SlideSwitchExample2.m in Sources */ = {isa = PBXBuildFile; fileRef = C0AEB40E20E215620030F533 /* SlideSwitchExample2.m */; };
		C0AEB41C20E215620030F533 /* SlideSwitchExample1.m in Sources */ = {isa = PBXBuildFile; fileRef = C0AEB41120E215620030F533 /* SlideSwitchExample1.m */; };
		C0AEB41D20E215620030F533 /* SegmentedSlideSwitchExample2.m in Sources */ = {isa = PBXBuildFile; fileRef = C0AEB41420E215620030F533 /* SegmentedSlideSwitchExample2.m */; };
		C0AEB41E20E215620030F533 /* CollectionViewController.m in Sources */ = {isa = PBXBuildFile; fileRef = C0AEB41520E215620030F533 /* CollectionViewController.m */; };
		C0AEB41F20E215620030F533 /* channelAdd.png in Resources */ = {isa = PBXBuildFile; fileRef = C0AEB41720E215620030F533 /* channelAdd.png */; };
		C0AEB42020E215620030F533 /* TableViewController.m in Sources */ = {isa = PBXBuildFile; fileRef = C0AEB41820E215620030F533 /* TableViewController.m */; };
		C0AEB42120E215620030F533 /* SegmentedSlideSwitchExample1.m in Sources */ = {isa = PBXBuildFile; fileRef = C0AEB41920E215620030F533 /* SegmentedSlideSwitchExample1.m */; };
		C0AEB42420E215910030F533 /* YLRollingViewController.m in Sources */ = {isa = PBXBuildFile; fileRef = C0AEB42320E215910030F533 /* YLRollingViewController.m */; };
		C0B3017920D39E4100F78CDD /* YLRunWebViewViewController.m in Sources */ = {isa = PBXBuildFile; fileRef = C0B3017820D39E4100F78CDD /* YLRunWebViewViewController.m */; };
		C0B3018020D3ACA900F78CDD /* YYFPSLabel.m in Sources */ = {isa = PBXBuildFile; fileRef = C0B3017E20D3ACA900F78CDD /* YYFPSLabel.m */; };
		C0B3018520D3B45D00F78CDD /* AdPageView.m in Sources */ = {isa = PBXBuildFile; fileRef = C0B3018320D3B45D00F78CDD /* AdPageView.m */; };
		C0BB15D120B99DBE00A0095A /* YLBaseViewController.m in Sources */ = {isa = PBXBuildFile; fileRef = C0BB15D020B99DBE00A0095A /* YLBaseViewController.m */; };
		C0BB15D520B99E6200A0095A /* YLBaseNavigationController.m in Sources */ = {isa = PBXBuildFile; fileRef = C0BB15D420B99E6200A0095A /* YLBaseNavigationController.m */; };
		C0BB15D920B9A26A00A0095A /* YLBaseViewModel.m in Sources */ = {isa = PBXBuildFile; fileRef = C0BB15D820B9A26A00A0095A /* YLBaseViewModel.m */; };
		C0BB15DE20B9A33300A0095A /* UIButton+YLHelper.m in Sources */ = {isa = PBXBuildFile; fileRef = C0BB15DD20B9A33300A0095A /* UIButton+YLHelper.m */; };
		C0BB15E420B9A3B200A0095A /* UIColor+YLHelper.m in Sources */ = {isa = PBXBuildFile; fileRef = C0BB15E320B9A3B200A0095A /* UIColor+YLHelper.m */; };
		C0BB15E720B9A4B000A0095A /* UIFont+YLHelper.m in Sources */ = {isa = PBXBuildFile; fileRef = C0BB15E620B9A4B000A0095A /* UIFont+YLHelper.m */; };
		C0BB15EB20B9A50F00A0095A /* UIImage+YLHelper.m in Sources */ = {isa = PBXBuildFile; fileRef = C0BB15EA20B9A50F00A0095A /* UIImage+YLHelper.m */; };
		C0BB15EF20B9A5A200A0095A /* UILabel+YLHelper.m in Sources */ = {isa = PBXBuildFile; fileRef = C0BB15EE20B9A5A200A0095A /* UILabel+YLHelper.m */; };
		C0BB15F220B9A5DA00A0095A /* UILabel+YLChangeLineSpaceAndWordSpace.m in Sources */ = {isa = PBXBuildFile; fileRef = C0BB15F120B9A5DA00A0095A /* UILabel+YLChangeLineSpaceAndWordSpace.m */; };
		C0BB15F620B9A64C00A0095A /* UINavigationController+FDFullscreenPopGesture.m in Sources */ = {isa = PBXBuildFile; fileRef = C0BB15F520B9A64C00A0095A /* UINavigationController+FDFullscreenPopGesture.m */; };
		C0BB15FA20B9A6D900A0095A /* UITabBar+YLBadge.m in Sources */ = {isa = PBXBuildFile; fileRef = C0BB15F920B9A6D900A0095A /* UITabBar+YLBadge.m */; };
		C0BB15FE20B9A76700A0095A /* UIViewController+YLHelper.m in Sources */ = {isa = PBXBuildFile; fileRef = C0BB15FD20B9A76700A0095A /* UIViewController+YLHelper.m */; };
		C0C9C2FC20C8DCCE00FAB6EA /* YLFuzzyViewController.m in Sources */ = {isa = PBXBuildFile; fileRef = C0C9C2FB20C8DCCE00FAB6EA /* YLFuzzyViewController.m */; };
		C0C9C30020C9020800FAB6EA /* YLEditableViewController.m in Sources */ = {isa = PBXBuildFile; fileRef = C0C9C2FF20C9020800FAB6EA /* YLEditableViewController.m */; };
		C0F7BF6320CE61B10087C06C /* YLSelectTimeView.m in Sources */ = {isa = PBXBuildFile; fileRef = C0F7BF6220CE61B10087C06C /* YLSelectTimeView.m */; };
		C0F7BF6720CE659B0087C06C /* YLSelectTimeViewController.m in Sources */ = {isa = PBXBuildFile; fileRef = C0F7BF6520CE659B0087C06C /* YLSelectTimeViewController.m */; };
		C0F7BF6820CE659B0087C06C /* YLSelectTimeViewController.xib in Resources */ = {isa = PBXBuildFile; fileRef = C0F7BF6620CE659B0087C06C /* YLSelectTimeViewController.xib */; };
		DFD54AB3BA9BCAFBF551AF83 /* libPods-iOSExperience.a in Frameworks */ = {isa = PBXBuildFile; fileRef = FF9B79C915CF3D3D4B24A21C /* libPods-iOSExperience.a */; };
/* End PBXBuildFile section */

/* Begin PBXFileReference section */
		13679B75C473A6BA40024BA8 /* Pods-iOSExperience.debug.xcconfig */ = {isa = PBXFileReference; includeInIndex = 1; lastKnownFileType = text.xcconfig; name = "Pods-iOSExperience.debug.xcconfig"; path = "Pods/Target Support Files/Pods-iOSExperience/Pods-iOSExperience.debug.xcconfig"; sourceTree = "<group>"; };
		C031970A20BBE7E4008CCC4D /* commonDefine.h */ = {isa = PBXFileReference; lastKnownFileType = sourcecode.c.h; path = commonDefine.h; sourceTree = "<group>"; };
		C031970B20BBEB16008CCC4D /* YLCommonDefine.h */ = {isa = PBXFileReference; lastKnownFileType = sourcecode.c.h; path = YLCommonDefine.h; sourceTree = "<group>"; };
		C031970C20BBEC00008CCC4D /* YLHeader.pch */ = {isa = PBXFileReference; lastKnownFileType = sourcecode.c.h; path = YLHeader.pch; sourceTree = "<group>"; };
		C031970D20BBF0EE008CCC4D /* YLSingleton.h */ = {isa = PBXFileReference; lastKnownFileType = sourcecode.c.h; path = YLSingleton.h; sourceTree = "<group>"; };
		C031970F20BBF522008CCC4D /* VPImageCropperViewController.m */ = {isa = PBXFileReference; fileEncoding = 4; lastKnownFileType = sourcecode.c.objc; path = VPImageCropperViewController.m; sourceTree = "<group>"; };
		C031971020BBF522008CCC4D /* FYSystemCameraController.h */ = {isa = PBXFileReference; fileEncoding = 4; lastKnownFileType = sourcecode.c.h; path = FYSystemCameraController.h; sourceTree = "<group>"; };
		C031971120BBF522008CCC4D /* VPImageCropperViewController.h */ = {isa = PBXFileReference; fileEncoding = 4; lastKnownFileType = sourcecode.c.h; path = VPImageCropperViewController.h; sourceTree = "<group>"; };
		C031971220BBF522008CCC4D /* FYSystemCameraController.m */ = {isa = PBXFileReference; fileEncoding = 4; lastKnownFileType = sourcecode.c.objc; path = FYSystemCameraController.m; sourceTree = "<group>"; };
		C031971620BBF577008CCC4D /* AVExportContectsTool.m */ = {isa = PBXFileReference; fileEncoding = 4; lastKnownFileType = sourcecode.c.objc; path = AVExportContectsTool.m; sourceTree = "<group>"; };
		C031971720BBF577008CCC4D /* ATSettingPermissionCheckTool.h */ = {isa = PBXFileReference; fileEncoding = 4; lastKnownFileType = sourcecode.c.h; path = ATSettingPermissionCheckTool.h; sourceTree = "<group>"; };
		C031971820BBF577008CCC4D /* AVExportContectsTool.h */ = {isa = PBXFileReference; fileEncoding = 4; lastKnownFileType = sourcecode.c.h; path = AVExportContectsTool.h; sourceTree = "<group>"; };
		C031971920BBF577008CCC4D /* ATSettingPermissionCheckTool.m */ = {isa = PBXFileReference; fileEncoding = 4; lastKnownFileType = sourcecode.c.objc; path = ATSettingPermissionCheckTool.m; sourceTree = "<group>"; };
		C031971D20BBF6D1008CCC4D /* YLLocalImageUpload.h */ = {isa = PBXFileReference; lastKnownFileType = sourcecode.c.h; path = YLLocalImageUpload.h; sourceTree = "<group>"; };
		C031971E20BBF6D1008CCC4D /* YLLocalImageUpload.m */ = {isa = PBXFileReference; lastKnownFileType = sourcecode.c.objc; path = YLLocalImageUpload.m; sourceTree = "<group>"; };
		C031971F20BBF6D1008CCC4D /* YLLocalImageUpload.xib */ = {isa = PBXFileReference; lastKnownFileType = file.xib; path = YLLocalImageUpload.xib; sourceTree = "<group>"; };
		C032B3F120E32B1400A54277 /* YLMenuViewController.h */ = {isa = PBXFileReference; lastKnownFileType = sourcecode.c.h; path = YLMenuViewController.h; sourceTree = "<group>"; };
		C032B3F220E32B1400A54277 /* YLMenuViewController.m */ = {isa = PBXFileReference; lastKnownFileType = sourcecode.c.objc; path = YLMenuViewController.m; sourceTree = "<group>"; };
		C032B3F420E32B4E00A54277 /* YLMenuCell.h */ = {isa = PBXFileReference; lastKnownFileType = sourcecode.c.h; path = YLMenuCell.h; sourceTree = "<group>"; };
		C032B3F520E32B4E00A54277 /* YLMenuCell.m */ = {isa = PBXFileReference; lastKnownFileType = sourcecode.c.objc; path = YLMenuCell.m; sourceTree = "<group>"; };
		C032B3F720E3308700A54277 /* YLMenuCellModel.h */ = {isa = PBXFileReference; lastKnownFileType = sourcecode.c.h; path = YLMenuCellModel.h; sourceTree = "<group>"; };
		C032B3F820E3308700A54277 /* YLMenuCellModel.m */ = {isa = PBXFileReference; lastKnownFileType = sourcecode.c.objc; path = YLMenuCellModel.m; sourceTree = "<group>"; };
		C032B3FB20E3336700A54277 /* AYMenuView.h */ = {isa = PBXFileReference; fileEncoding = 4; lastKnownFileType = sourcecode.c.h; path = AYMenuView.h; sourceTree = "<group>"; };
		C032B3FC20E3336700A54277 /* AYMenuData.h */ = {isa = PBXFileReference; fileEncoding = 4; lastKnownFileType = sourcecode.c.h; path = AYMenuData.h; sourceTree = "<group>"; };
		C032B3FD20E3336700A54277 /* AYMenuCell.h */ = {isa = PBXFileReference; fileEncoding = 4; lastKnownFileType = sourcecode.c.h; path = AYMenuCell.h; sourceTree = "<group>"; };
		C032B3FE20E3336700A54277 /* AYMenuItem.h */ = {isa = PBXFileReference; fileEncoding = 4; lastKnownFileType = sourcecode.c.h; path = AYMenuItem.h; sourceTree = "<group>"; };
		C032B40020E3336700A54277 /* qj@3x.png */ = {isa = PBXFileReference; lastKnownFileType = image.png; path = "qj@3x.png"; sourceTree = "<group>"; };
		C032B40120E3336700A54277 /* qj@2x.png */ = {isa = PBXFileReference; lastKnownFileType = image.png; path = "qj@2x.png"; sourceTree = "<group>"; };
		C032B40220E3336700A54277 /* AYMenuCell.xib */ = {isa = PBXFileReference; fileEncoding = 4; lastKnownFileType = file.xib; path = AYMenuCell.xib; sourceTree = "<group>"; };
		C032B40320E3336700A54277 /* AYMenuView.m */ = {isa = PBXFileReference; fileEncoding = 4; lastKnownFileType = sourcecode.c.objc; path = AYMenuView.m; sourceTree = "<group>"; };
		C032B40420E3336700A54277 /* AYMenuItem.m */ = {isa = PBXFileReference; fileEncoding = 4; lastKnownFileType = sourcecode.c.objc; path = AYMenuItem.m; sourceTree = "<group>"; };
		C032B40520E3336700A54277 /* AYMenuCell.m */ = {isa = PBXFileReference; fileEncoding = 4; lastKnownFileType = sourcecode.c.objc; path = AYMenuCell.m; sourceTree = "<group>"; };
		C032B40620E3336700A54277 /* AYMenuData.m */ = {isa = PBXFileReference; fileEncoding = 4; lastKnownFileType = sourcecode.c.objc; path = AYMenuData.m; sourceTree = "<group>"; };
		C032B41020E3678800A54277 /* YLMenuPushViewController.h */ = {isa = PBXFileReference; lastKnownFileType = sourcecode.c.h; path = YLMenuPushViewController.h; sourceTree = "<group>"; };
		C032B41120E3678800A54277 /* YLMenuPushViewController.m */ = {isa = PBXFileReference; lastKnownFileType = sourcecode.c.objc; path = YLMenuPushViewController.m; sourceTree = "<group>"; };
		C032B41220E3678800A54277 /* YLMenuPushViewController.xib */ = {isa = PBXFileReference; lastKnownFileType = file.xib; path = YLMenuPushViewController.xib; sourceTree = "<group>"; };
		C033FEFB20B5176E00470BFC /* iOSExperience.app */ = {isa = PBXFileReference; explicitFileType = wrapper.application; includeInIndex = 0; path = iOSExperience.app; sourceTree = BUILT_PRODUCTS_DIR; };
		C033FEFE20B5176E00470BFC /* AppDelegate.h */ = {isa = PBXFileReference; lastKnownFileType = sourcecode.c.h; path = AppDelegate.h; sourceTree = "<group>"; };
		C033FEFF20B5176E00470BFC /* AppDelegate.m */ = {isa = PBXFileReference; lastKnownFileType = sourcecode.c.objc; path = AppDelegate.m; sourceTree = "<group>"; };
		C033FF0120B5176E00470BFC /* ViewController.h */ = {isa = PBXFileReference; lastKnownFileType = sourcecode.c.h; path = ViewController.h; sourceTree = "<group>"; };
		C033FF0220B5176E00470BFC /* ViewController.m */ = {isa = PBXFileReference; lastKnownFileType = sourcecode.c.objc; path = ViewController.m; sourceTree = "<group>"; };
		C033FF0520B5176E00470BFC /* Base */ = {isa = PBXFileReference; lastKnownFileType = file.storyboard; name = Base; path = Base.lproj/Main.storyboard; sourceTree = "<group>"; };
		C033FF0720B5177000470BFC /* Assets.xcassets */ = {isa = PBXFileReference; lastKnownFileType = folder.assetcatalog; path = Assets.xcassets; sourceTree = "<group>"; };
		C033FF0A20B5177000470BFC /* Base */ = {isa = PBXFileReference; lastKnownFileType = file.storyboard; name = Base; path = Base.lproj/LaunchScreen.storyboard; sourceTree = "<group>"; };
		C033FF0C20B5177000470BFC /* Info.plist */ = {isa = PBXFileReference; lastKnownFileType = text.plist.xml; path = Info.plist; sourceTree = "<group>"; };
		C033FF0D20B5177000470BFC /* main.m */ = {isa = PBXFileReference; lastKnownFileType = sourcecode.c.objc; path = main.m; sourceTree = "<group>"; };
		C03ACE7220C6873D001B5C30 /* YLScratchableLatexViewController.h */ = {isa = PBXFileReference; lastKnownFileType = sourcecode.c.h; path = YLScratchableLatexViewController.h; sourceTree = "<group>"; };
		C03ACE7320C6873D001B5C30 /* YLScratchableLatexViewController.m */ = {isa = PBXFileReference; lastKnownFileType = sourcecode.c.objc; path = YLScratchableLatexViewController.m; sourceTree = "<group>"; };
		C03ACE7520C68762001B5C30 /* YLScratchableLatexModel.h */ = {isa = PBXFileReference; lastKnownFileType = sourcecode.c.h; path = YLScratchableLatexModel.h; sourceTree = "<group>"; };
		C03ACE7620C68762001B5C30 /* YLScratchableLatexModel.m */ = {isa = PBXFileReference; lastKnownFileType = sourcecode.c.objc; path = YLScratchableLatexModel.m; sourceTree = "<group>"; };
		C03ACE7820C68790001B5C30 /* YLScratchableLatexCell.h */ = {isa = PBXFileReference; lastKnownFileType = sourcecode.c.h; path = YLScratchableLatexCell.h; sourceTree = "<group>"; };
		C03ACE7920C68790001B5C30 /* YLScratchableLatexCell.m */ = {isa = PBXFileReference; lastKnownFileType = sourcecode.c.objc; path = YLScratchableLatexCell.m; sourceTree = "<group>"; };
		C03ACE7B20C687AA001B5C30 /* YLScratchableLatexView.h */ = {isa = PBXFileReference; lastKnownFileType = sourcecode.c.h; path = YLScratchableLatexView.h; sourceTree = "<group>"; };
		C03ACE7C20C687AA001B5C30 /* YLScratchableLatexView.m */ = {isa = PBXFileReference; lastKnownFileType = sourcecode.c.objc; path = YLScratchableLatexView.m; sourceTree = "<group>"; };
		C04312CF20BE3A69002E345F /* YLLocalNotificationsViewController.h */ = {isa = PBXFileReference; lastKnownFileType = sourcecode.c.h; path = YLLocalNotificationsViewController.h; sourceTree = "<group>"; };
		C04312D020BE3A69002E345F /* YLLocalNotificationsViewController.m */ = {isa = PBXFileReference; lastKnownFileType = sourcecode.c.objc; path = YLLocalNotificationsViewController.m; sourceTree = "<group>"; };
		C04312D120BE3A69002E345F /* YLLocalNotificationsViewController.xib */ = {isa = PBXFileReference; lastKnownFileType = file.xib; path = YLLocalNotificationsViewController.xib; sourceTree = "<group>"; };
		C04312D420BE3D54002E345F /* AppDelegate+AppService.h */ = {isa = PBXFileReference; lastKnownFileType = sourcecode.c.h; path = "AppDelegate+AppService.h"; sourceTree = "<group>"; };
		C04312D520BE3D54002E345F /* AppDelegate+AppService.m */ = {isa = PBXFileReference; lastKnownFileType = sourcecode.c.objc; path = "AppDelegate+AppService.m"; sourceTree = "<group>"; };
		C04312D820BE74AE002E345F /* YLFoldingCellViewController.h */ = {isa = PBXFileReference; lastKnownFileType = sourcecode.c.h; path = YLFoldingCellViewController.h; sourceTree = "<group>"; };
		C04312D920BE74AE002E345F /* YLFoldingCellViewController.m */ = {isa = PBXFileReference; lastKnownFileType = sourcecode.c.objc; path = YLFoldingCellViewController.m; sourceTree = "<group>"; };
		C04312DD20BE7511002E345F /* UIView+SnapShot.m */ = {isa = PBXFileReference; fileEncoding = 4; lastKnownFileType = sourcecode.c.objc; path = "UIView+SnapShot.m"; sourceTree = "<group>"; };
		C04312DE20BE7511002E345F /* HSFolderCell.m */ = {isa = PBXFileReference; fileEncoding = 4; lastKnownFileType = sourcecode.c.objc; path = HSFolderCell.m; sourceTree = "<group>"; };
		C04312DF20BE7511002E345F /* HSRotatedView.m */ = {isa = PBXFileReference; fileEncoding = 4; lastKnownFileType = sourcecode.c.objc; path = HSRotatedView.m; sourceTree = "<group>"; };
		C04312E020BE7511002E345F /* UIView+SnapShot.h */ = {isa = PBXFileReference; fileEncoding = 4; lastKnownFileType = sourcecode.c.h; path = "UIView+SnapShot.h"; sourceTree = "<group>"; };
		C04312E120BE7511002E345F /* HSRotatedView.h */ = {isa = PBXFileReference; fileEncoding = 4; lastKnownFileType = sourcecode.c.h; path = HSRotatedView.h; sourceTree = "<group>"; };
		C04312E220BE7511002E345F /* HSFolderCell.h */ = {isa = PBXFileReference; fileEncoding = 4; lastKnownFileType = sourcecode.c.h; path = HSFolderCell.h; sourceTree = "<group>"; };
		C04312E620BE753A002E345F /* DemoFoldingCell.h */ = {isa = PBXFileReference; fileEncoding = 4; lastKnownFileType = sourcecode.c.h; path = DemoFoldingCell.h; sourceTree = "<group>"; };
		C04312E720BE753A002E345F /* DemoFoldingCell.m */ = {isa = PBXFileReference; fileEncoding = 4; lastKnownFileType = sourcecode.c.objc; path = DemoFoldingCell.m; sourceTree = "<group>"; };
		C04A798420C53466005CE5C9 /* NSDate+CalendarTool.h */ = {isa = PBXFileReference; fileEncoding = 4; lastKnownFileType = sourcecode.c.h; path = "NSDate+CalendarTool.h"; sourceTree = "<group>"; };
		C04A798520C53466005CE5C9 /* NSDate+CalendarTool.m */ = {isa = PBXFileReference; fileEncoding = 4; lastKnownFileType = sourcecode.c.objc; path = "NSDate+CalendarTool.m"; sourceTree = "<group>"; };
		C04A798820C535A2005CE5C9 /* NSString+Check.m */ = {isa = PBXFileReference; fileEncoding = 4; lastKnownFileType = sourcecode.c.objc; path = "NSString+Check.m"; sourceTree = "<group>"; };
		C04A798920C535A2005CE5C9 /* NSString+Check.h */ = {isa = PBXFileReference; fileEncoding = 4; lastKnownFileType = sourcecode.c.h; path = "NSString+Check.h"; sourceTree = "<group>"; };
		C074141420CD069200E8FB9D /* YLJParagraphModel.h */ = {isa = PBXFileReference; lastKnownFileType = sourcecode.c.h; path = YLJParagraphModel.h; sourceTree = "<group>"; };
		C074141520CD069200E8FB9D /* YLJParagraphModel.m */ = {isa = PBXFileReference; lastKnownFileType = sourcecode.c.objc; path = YLJParagraphModel.m; sourceTree = "<group>"; };
		C074141720CD09F300E8FB9D /* YLAdaptFontCell.h */ = {isa = PBXFileReference; lastKnownFileType = sourcecode.c.h; path = YLAdaptFontCell.h; sourceTree = "<group>"; };
		C074141820CD09F300E8FB9D /* YLAdaptFontCell.m */ = {isa = PBXFileReference; lastKnownFileType = sourcecode.c.objc; path = YLAdaptFontCell.m; sourceTree = "<group>"; };
		C074141A20CD0B7500E8FB9D /* YLAdaptFontViewController.h */ = {isa = PBXFileReference; lastKnownFileType = sourcecode.c.h; path = YLAdaptFontViewController.h; sourceTree = "<group>"; };
		C074141B20CD0B7500E8FB9D /* YLAdaptFontViewController.m */ = {isa = PBXFileReference; lastKnownFileType = sourcecode.c.objc; path = YLAdaptFontViewController.m; sourceTree = "<group>"; };
		C07CF23B20D68D21007D12CA /* DBPoint.h */ = {isa = PBXFileReference; fileEncoding = 4; lastKnownFileType = sourcecode.c.h; path = DBPoint.h; sourceTree = "<group>"; };
		C07CF23C20D68D21007D12CA /* DBSphereView.h */ = {isa = PBXFileReference; fileEncoding = 4; lastKnownFileType = sourcecode.c.h; path = DBSphereView.h; sourceTree = "<group>"; };
		C07CF23D20D68D21007D12CA /* DBMatrix.h */ = {isa = PBXFileReference; fileEncoding = 4; lastKnownFileType = sourcecode.c.h; path = DBMatrix.h; sourceTree = "<group>"; };
		C07CF23E20D68D21007D12CA /* DBSphereView.m */ = {isa = PBXFileReference; fileEncoding = 4; lastKnownFileType = sourcecode.c.objc; path = DBSphereView.m; sourceTree = "<group>"; };
		C07CF24020D68D90007D12CA /* YLSphereTagCloudViewController.h */ = {isa = PBXFileReference; lastKnownFileType = sourcecode.c.h; path = YLSphereTagCloudViewController.h; sourceTree = "<group>"; };
		C07CF24120D68D90007D12CA /* YLSphereTagCloudViewController.m */ = {isa = PBXFileReference; lastKnownFileType = sourcecode.c.objc; path = YLSphereTagCloudViewController.m; sourceTree = "<group>"; };
		C08338EE20BAD68A00F6CAF6 /* UIView+YLLoading.h */ = {isa = PBXFileReference; lastKnownFileType = sourcecode.c.h; path = "UIView+YLLoading.h"; sourceTree = "<group>"; };
		C08338EF20BAD68A00F6CAF6 /* UIView+YLLoading.m */ = {isa = PBXFileReference; lastKnownFileType = sourcecode.c.objc; path = "UIView+YLLoading.m"; sourceTree = "<group>"; };
		C08338F120BAD84100F6CAF6 /* YLTabBarControllerConfig.h */ = {isa = PBXFileReference; lastKnownFileType = sourcecode.c.h; path = YLTabBarControllerConfig.h; sourceTree = "<group>"; };
		C08338F220BAD84100F6CAF6 /* YLTabBarControllerConfig.m */ = {isa = PBXFileReference; lastKnownFileType = sourcecode.c.objc; path = YLTabBarControllerConfig.m; sourceTree = "<group>"; };
		C083390A20BADF1A00F6CAF6 /* YLShowViewController.h */ = {isa = PBXFileReference; lastKnownFileType = sourcecode.c.h; path = YLShowViewController.h; sourceTree = "<group>"; };
		C083390B20BADF1A00F6CAF6 /* YLShowViewController.m */ = {isa = PBXFileReference; lastKnownFileType = sourcecode.c.objc; path = YLShowViewController.m; sourceTree = "<group>"; };
		C083390D20BADF6F00F6CAF6 /* YLShowViewModel.h */ = {isa = PBXFileReference; lastKnownFileType = sourcecode.c.h; path = YLShowViewModel.h; sourceTree = "<group>"; };
		C083390E20BADF6F00F6CAF6 /* YLShowViewModel.m */ = {isa = PBXFileReference; lastKnownFileType = sourcecode.c.objc; path = YLShowViewModel.m; sourceTree = "<group>"; };
		C083391120BAE13200F6CAF6 /* YLBaseModel.h */ = {isa = PBXFileReference; lastKnownFileType = sourcecode.c.h; path = YLBaseModel.h; sourceTree = "<group>"; };
		C083391220BAE13200F6CAF6 /* YLBaseModel.m */ = {isa = PBXFileReference; lastKnownFileType = sourcecode.c.objc; path = YLBaseModel.m; sourceTree = "<group>"; };
		C083391420BAE1F700F6CAF6 /* YLBaseFrameModel.h */ = {isa = PBXFileReference; lastKnownFileType = sourcecode.c.h; path = YLBaseFrameModel.h; sourceTree = "<group>"; };
		C083391520BAE1F700F6CAF6 /* YLBaseFrameModel.m */ = {isa = PBXFileReference; lastKnownFileType = sourcecode.c.objc; path = YLBaseFrameModel.m; sourceTree = "<group>"; };
		C083391720BAE6BA00F6CAF6 /* YLShowListCellModel.h */ = {isa = PBXFileReference; lastKnownFileType = sourcecode.c.h; path = YLShowListCellModel.h; sourceTree = "<group>"; };
		C083391820BAE6BA00F6CAF6 /* YLShowListCellModel.m */ = {isa = PBXFileReference; lastKnownFileType = sourcecode.c.objc; path = YLShowListCellModel.m; sourceTree = "<group>"; };
		C083391A20BAE86D00F6CAF6 /* YLShowListView.h */ = {isa = PBXFileReference; lastKnownFileType = sourcecode.c.h; path = YLShowListView.h; sourceTree = "<group>"; };
		C083391B20BAE86D00F6CAF6 /* YLShowListView.m */ = {isa = PBXFileReference; lastKnownFileType = sourcecode.c.objc; path = YLShowListView.m; sourceTree = "<group>"; };
		C083392220BAF73100F6CAF6 /* YLShowImageViewController.h */ = {isa = PBXFileReference; lastKnownFileType = sourcecode.c.h; path = YLShowImageViewController.h; sourceTree = "<group>"; };
		C083392320BAF73100F6CAF6 /* YLShowImageViewController.m */ = {isa = PBXFileReference; lastKnownFileType = sourcecode.c.objc; path = YLShowImageViewController.m; sourceTree = "<group>"; };
		C083392420BAF73100F6CAF6 /* YLShowImageViewController.xib */ = {isa = PBXFileReference; lastKnownFileType = file.xib; path = YLShowImageViewController.xib; sourceTree = "<group>"; };
		C0AEB3FF20E214DF0030F533 /* XLSlideSegmented.h */ = {isa = PBXFileReference; fileEncoding = 4; lastKnownFileType = sourcecode.c.h; path = XLSlideSegmented.h; sourceTree = "<group>"; };
		C0AEB40020E214DF0030F533 /* XLSegmentedSlideSwitch.h */ = {isa = PBXFileReference; fileEncoding = 4; lastKnownFileType = sourcecode.c.h; path = XLSegmentedSlideSwitch.h; sourceTree = "<group>"; };
		C0AEB40120E214DF0030F533 /* XLSlideSwitch.h */ = {isa = PBXFileReference; fileEncoding = 4; lastKnownFileType = sourcecode.c.h; path = XLSlideSwitch.h; sourceTree = "<group>"; };
		C0AEB40220E214DF0030F533 /* XLSlideSegmentedItem.m */ = {isa = PBXFileReference; fileEncoding = 4; lastKnownFileType = sourcecode.c.objc; path = XLSlideSegmentedItem.m; sourceTree = "<group>"; };
		C0AEB40320E214DF0030F533 /* XLSlideSwitchDelegate.h */ = {isa = PBXFileReference; fileEncoding = 4; lastKnownFileType = sourcecode.c.h; path = XLSlideSwitchDelegate.h; sourceTree = "<group>"; };
		C0AEB40420E214DF0030F533 /* XLSlideSegmented.m */ = {isa = PBXFileReference; fileEncoding = 4; lastKnownFileType = sourcecode.c.objc; path = XLSlideSegmented.m; sourceTree = "<group>"; };
		C0AEB40520E214DF0030F533 /* XLSegmentedSlideSwitch.m */ = {isa = PBXFileReference; fileEncoding = 4; lastKnownFileType = sourcecode.c.objc; path = XLSegmentedSlideSwitch.m; sourceTree = "<group>"; };
		C0AEB40620E214DF0030F533 /* XLSlideSwitch.m */ = {isa = PBXFileReference; fileEncoding = 4; lastKnownFileType = sourcecode.c.objc; path = XLSlideSwitch.m; sourceTree = "<group>"; };
		C0AEB40720E214DF0030F533 /* XLSlideSegmentedItem.h */ = {isa = PBXFileReference; fileEncoding = 4; lastKnownFileType = sourcecode.c.h; path = XLSlideSegmentedItem.h; sourceTree = "<group>"; };
		C0AEB40D20E215620030F533 /* SegmentedSlideSwitchExample2.h */ = {isa = PBXFileReference; fileEncoding = 4; lastKnownFileType = sourcecode.c.h; path = SegmentedSlideSwitchExample2.h; sourceTree = "<group>"; };
		C0AEB40E20E215620030F533 /* SlideSwitchExample2.m */ = {isa = PBXFileReference; fileEncoding = 4; lastKnownFileType = sourcecode.c.objc; path = SlideSwitchExample2.m; sourceTree = "<group>"; };
		C0AEB40F20E215620030F533 /* TableViewController.h */ = {isa = PBXFileReference; fileEncoding = 4; lastKnownFileType = sourcecode.c.h; path = TableViewController.h; sourceTree = "<group>"; };
		C0AEB41020E215620030F533 /* CollectionViewController.h */ = {isa = PBXFileReference; fileEncoding = 4; lastKnownFileType = sourcecode.c.h; path = CollectionViewController.h; sourceTree = "<group>"; };
		C0AEB41120E215620030F533 /* SlideSwitchExample1.m */ = {isa = PBXFileReference; fileEncoding = 4; lastKnownFileType = sourcecode.c.objc; path = SlideSwitchExample1.m; sourceTree = "<group>"; };
		C0AEB41220E215620030F533 /* SegmentedSlideSwitchExample1.h */ = {isa = PBXFileReference; fileEncoding = 4; lastKnownFileType = sourcecode.c.h; path = SegmentedSlideSwitchExample1.h; sourceTree = "<group>"; };
		C0AEB41320E215620030F533 /* SlideSwitchExample2.h */ = {isa = PBXFileReference; fileEncoding = 4; lastKnownFileType = sourcecode.c.h; path = SlideSwitchExample2.h; sourceTree = "<group>"; };
		C0AEB41420E215620030F533 /* SegmentedSlideSwitchExample2.m */ = {isa = PBXFileReference; fileEncoding = 4; lastKnownFileType = sourcecode.c.objc; path = SegmentedSlideSwitchExample2.m; sourceTree = "<group>"; };
		C0AEB41520E215620030F533 /* CollectionViewController.m */ = {isa = PBXFileReference; fileEncoding = 4; lastKnownFileType = sourcecode.c.objc; path = CollectionViewController.m; sourceTree = "<group>"; };
		C0AEB41720E215620030F533 /* channelAdd.png */ = {isa = PBXFileReference; lastKnownFileType = image.png; path = channelAdd.png; sourceTree = "<group>"; };
		C0AEB41820E215620030F533 /* TableViewController.m */ = {isa = PBXFileReference; fileEncoding = 4; lastKnownFileType = sourcecode.c.objc; path = TableViewController.m; sourceTree = "<group>"; };
		C0AEB41920E215620030F533 /* SegmentedSlideSwitchExample1.m */ = {isa = PBXFileReference; fileEncoding = 4; lastKnownFileType = sourcecode.c.objc; path = SegmentedSlideSwitchExample1.m; sourceTree = "<group>"; };
		C0AEB41A20E215620030F533 /* SlideSwitchExample1.h */ = {isa = PBXFileReference; fileEncoding = 4; lastKnownFileType = sourcecode.c.h; path = SlideSwitchExample1.h; sourceTree = "<group>"; };
		C0AEB42220E215910030F533 /* YLRollingViewController.h */ = {isa = PBXFileReference; lastKnownFileType = sourcecode.c.h; path = YLRollingViewController.h; sourceTree = "<group>"; };
		C0AEB42320E215910030F533 /* YLRollingViewController.m */ = {isa = PBXFileReference; lastKnownFileType = sourcecode.c.objc; path = YLRollingViewController.m; sourceTree = "<group>"; };
		C0B3017720D39E4100F78CDD /* YLRunWebViewViewController.h */ = {isa = PBXFileReference; lastKnownFileType = sourcecode.c.h; path = YLRunWebViewViewController.h; sourceTree = "<group>"; };
		C0B3017820D39E4100F78CDD /* YLRunWebViewViewController.m */ = {isa = PBXFileReference; lastKnownFileType = sourcecode.c.objc; path = YLRunWebViewViewController.m; sourceTree = "<group>"; };
		C0B3017E20D3ACA900F78CDD /* YYFPSLabel.m */ = {isa = PBXFileReference; fileEncoding = 4; lastKnownFileType = sourcecode.c.objc; path = YYFPSLabel.m; sourceTree = "<group>"; };
		C0B3017F20D3ACA900F78CDD /* YYFPSLabel.h */ = {isa = PBXFileReference; fileEncoding = 4; lastKnownFileType = sourcecode.c.h; path = YYFPSLabel.h; sourceTree = "<group>"; };
		C0B3018320D3B45D00F78CDD /* AdPageView.m */ = {isa = PBXFileReference; fileEncoding = 4; lastKnownFileType = sourcecode.c.objc; path = AdPageView.m; sourceTree = "<group>"; };
		C0B3018420D3B45D00F78CDD /* AdPageView.h */ = {isa = PBXFileReference; fileEncoding = 4; lastKnownFileType = sourcecode.c.h; path = AdPageView.h; sourceTree = "<group>"; };
		C0BB15CF20B99DBE00A0095A /* YLBaseViewController.h */ = {isa = PBXFileReference; lastKnownFileType = sourcecode.c.h; path = YLBaseViewController.h; sourceTree = "<group>"; };
		C0BB15D020B99DBE00A0095A /* YLBaseViewController.m */ = {isa = PBXFileReference; lastKnownFileType = sourcecode.c.objc; path = YLBaseViewController.m; sourceTree = "<group>"; };
		C0BB15D320B99E6200A0095A /* YLBaseNavigationController.h */ = {isa = PBXFileReference; lastKnownFileType = sourcecode.c.h; path = YLBaseNavigationController.h; sourceTree = "<group>"; };
		C0BB15D420B99E6200A0095A /* YLBaseNavigationController.m */ = {isa = PBXFileReference; lastKnownFileType = sourcecode.c.objc; path = YLBaseNavigationController.m; sourceTree = "<group>"; };
		C0BB15D720B9A26A00A0095A /* YLBaseViewModel.h */ = {isa = PBXFileReference; lastKnownFileType = sourcecode.c.h; path = YLBaseViewModel.h; sourceTree = "<group>"; };
		C0BB15D820B9A26A00A0095A /* YLBaseViewModel.m */ = {isa = PBXFileReference; lastKnownFileType = sourcecode.c.objc; path = YLBaseViewModel.m; sourceTree = "<group>"; };
		C0BB15DC20B9A33300A0095A /* UIButton+YLHelper.h */ = {isa = PBXFileReference; lastKnownFileType = sourcecode.c.h; path = "UIButton+YLHelper.h"; sourceTree = "<group>"; };
		C0BB15DD20B9A33300A0095A /* UIButton+YLHelper.m */ = {isa = PBXFileReference; lastKnownFileType = sourcecode.c.objc; path = "UIButton+YLHelper.m"; sourceTree = "<group>"; };
		C0BB15E220B9A3B200A0095A /* UIColor+YLHelper.h */ = {isa = PBXFileReference; lastKnownFileType = sourcecode.c.h; path = "UIColor+YLHelper.h"; sourceTree = "<group>"; };
		C0BB15E320B9A3B200A0095A /* UIColor+YLHelper.m */ = {isa = PBXFileReference; lastKnownFileType = sourcecode.c.objc; path = "UIColor+YLHelper.m"; sourceTree = "<group>"; };
		C0BB15E520B9A4B000A0095A /* UIFont+YLHelper.h */ = {isa = PBXFileReference; lastKnownFileType = sourcecode.c.h; path = "UIFont+YLHelper.h"; sourceTree = "<group>"; };
		C0BB15E620B9A4B000A0095A /* UIFont+YLHelper.m */ = {isa = PBXFileReference; lastKnownFileType = sourcecode.c.objc; path = "UIFont+YLHelper.m"; sourceTree = "<group>"; };
		C0BB15E920B9A50F00A0095A /* UIImage+YLHelper.h */ = {isa = PBXFileReference; lastKnownFileType = sourcecode.c.h; path = "UIImage+YLHelper.h"; sourceTree = "<group>"; };
		C0BB15EA20B9A50F00A0095A /* UIImage+YLHelper.m */ = {isa = PBXFileReference; lastKnownFileType = sourcecode.c.objc; path = "UIImage+YLHelper.m"; sourceTree = "<group>"; };
		C0BB15ED20B9A5A200A0095A /* UILabel+YLHelper.h */ = {isa = PBXFileReference; lastKnownFileType = sourcecode.c.h; path = "UILabel+YLHelper.h"; sourceTree = "<group>"; };
		C0BB15EE20B9A5A200A0095A /* UILabel+YLHelper.m */ = {isa = PBXFileReference; lastKnownFileType = sourcecode.c.objc; path = "UILabel+YLHelper.m"; sourceTree = "<group>"; };
		C0BB15F020B9A5DA00A0095A /* UILabel+YLChangeLineSpaceAndWordSpace.h */ = {isa = PBXFileReference; lastKnownFileType = sourcecode.c.h; path = "UILabel+YLChangeLineSpaceAndWordSpace.h"; sourceTree = "<group>"; };
		C0BB15F120B9A5DA00A0095A /* UILabel+YLChangeLineSpaceAndWordSpace.m */ = {isa = PBXFileReference; lastKnownFileType = sourcecode.c.objc; path = "UILabel+YLChangeLineSpaceAndWordSpace.m"; sourceTree = "<group>"; };
		C0BB15F420B9A64C00A0095A /* UINavigationController+FDFullscreenPopGesture.h */ = {isa = PBXFileReference; fileEncoding = 4; lastKnownFileType = sourcecode.c.h; path = "UINavigationController+FDFullscreenPopGesture.h"; sourceTree = "<group>"; };
		C0BB15F520B9A64C00A0095A /* UINavigationController+FDFullscreenPopGesture.m */ = {isa = PBXFileReference; fileEncoding = 4; lastKnownFileType = sourcecode.c.objc; path = "UINavigationController+FDFullscreenPopGesture.m"; sourceTree = "<group>"; };
		C0BB15F820B9A6D900A0095A /* UITabBar+YLBadge.h */ = {isa = PBXFileReference; lastKnownFileType = sourcecode.c.h; path = "UITabBar+YLBadge.h"; sourceTree = "<group>"; };
		C0BB15F920B9A6D900A0095A /* UITabBar+YLBadge.m */ = {isa = PBXFileReference; lastKnownFileType = sourcecode.c.objc; path = "UITabBar+YLBadge.m"; sourceTree = "<group>"; };
		C0BB15FC20B9A76700A0095A /* UIViewController+YLHelper.h */ = {isa = PBXFileReference; lastKnownFileType = sourcecode.c.h; path = "UIViewController+YLHelper.h"; sourceTree = "<group>"; };
		C0BB15FD20B9A76700A0095A /* UIViewController+YLHelper.m */ = {isa = PBXFileReference; lastKnownFileType = sourcecode.c.objc; path = "UIViewController+YLHelper.m"; sourceTree = "<group>"; };
		C0C9C2FA20C8DCCE00FAB6EA /* YLFuzzyViewController.h */ = {isa = PBXFileReference; lastKnownFileType = sourcecode.c.h; path = YLFuzzyViewController.h; sourceTree = "<group>"; };
		C0C9C2FB20C8DCCE00FAB6EA /* YLFuzzyViewController.m */ = {isa = PBXFileReference; lastKnownFileType = sourcecode.c.objc; path = YLFuzzyViewController.m; sourceTree = "<group>"; };
		C0C9C2FE20C9020800FAB6EA /* YLEditableViewController.h */ = {isa = PBXFileReference; lastKnownFileType = sourcecode.c.h; path = YLEditableViewController.h; sourceTree = "<group>"; };
		C0C9C2FF20C9020800FAB6EA /* YLEditableViewController.m */ = {isa = PBXFileReference; lastKnownFileType = sourcecode.c.objc; path = YLEditableViewController.m; sourceTree = "<group>"; };
		C0F7BF6120CE61B10087C06C /* YLSelectTimeView.h */ = {isa = PBXFileReference; lastKnownFileType = sourcecode.c.h; path = YLSelectTimeView.h; sourceTree = "<group>"; };
		C0F7BF6220CE61B10087C06C /* YLSelectTimeView.m */ = {isa = PBXFileReference; lastKnownFileType = sourcecode.c.objc; path = YLSelectTimeView.m; sourceTree = "<group>"; };
		C0F7BF6420CE659B0087C06C /* YLSelectTimeViewController.h */ = {isa = PBXFileReference; lastKnownFileType = sourcecode.c.h; path = YLSelectTimeViewController.h; sourceTree = "<group>"; };
		C0F7BF6520CE659B0087C06C /* YLSelectTimeViewController.m */ = {isa = PBXFileReference; lastKnownFileType = sourcecode.c.objc; path = YLSelectTimeViewController.m; sourceTree = "<group>"; };
		C0F7BF6620CE659B0087C06C /* YLSelectTimeViewController.xib */ = {isa = PBXFileReference; lastKnownFileType = file.xib; path = YLSelectTimeViewController.xib; sourceTree = "<group>"; };
		DFF2F9983A3546668029F82E /* Pods-iOSExperience.release.xcconfig */ = {isa = PBXFileReference; includeInIndex = 1; lastKnownFileType = text.xcconfig; name = "Pods-iOSExperience.release.xcconfig"; path = "Pods/Target Support Files/Pods-iOSExperience/Pods-iOSExperience.release.xcconfig"; sourceTree = "<group>"; };
		FF9B79C915CF3D3D4B24A21C /* libPods-iOSExperience.a */ = {isa = PBXFileReference; explicitFileType = archive.ar; includeInIndex = 0; path = "libPods-iOSExperience.a"; sourceTree = BUILT_PRODUCTS_DIR; };
/* End PBXFileReference section */

/* Begin PBXFrameworksBuildPhase section */
		C033FEF820B5176E00470BFC /* Frameworks */ = {
			isa = PBXFrameworksBuildPhase;
			buildActionMask = 2147483647;
			files = (
				DFD54AB3BA9BCAFBF551AF83 /* libPods-iOSExperience.a in Frameworks */,
			);
			runOnlyForDeploymentPostprocessing = 0;
		};
/* End PBXFrameworksBuildPhase section */

/* Begin PBXGroup section */
		565CA73A726D9AF2A1780865 /* Pods */ = {
			isa = PBXGroup;
			children = (
				13679B75C473A6BA40024BA8 /* Pods-iOSExperience.debug.xcconfig */,
				DFF2F9983A3546668029F82E /* Pods-iOSExperience.release.xcconfig */,
			);
			name = Pods;
			sourceTree = "<group>";
		};
		C031970E20BBF522008CCC4D /* FYSystemCamera */ = {
			isa = PBXGroup;
			children = (
				C031971120BBF522008CCC4D /* VPImageCropperViewController.h */,
				C031970F20BBF522008CCC4D /* VPImageCropperViewController.m */,
				C031971020BBF522008CCC4D /* FYSystemCameraController.h */,
				C031971220BBF522008CCC4D /* FYSystemCameraController.m */,
			);
			path = FYSystemCamera;
			sourceTree = "<group>";
		};
		C031971520BBF577008CCC4D /* CommonTool */ = {
			isa = PBXGroup;
			children = (
				C031971620BBF577008CCC4D /* AVExportContectsTool.m */,
				C031971720BBF577008CCC4D /* ATSettingPermissionCheckTool.h */,
				C031971820BBF577008CCC4D /* AVExportContectsTool.h */,
				C031971920BBF577008CCC4D /* ATSettingPermissionCheckTool.m */,
			);
			path = CommonTool;
			sourceTree = "<group>";
		};
		C031971C20BBF607008CCC4D /* 拍照与相册图片上传 */ = {
			isa = PBXGroup;
			children = (
				C031971D20BBF6D1008CCC4D /* YLLocalImageUpload.h */,
				C031971E20BBF6D1008CCC4D /* YLLocalImageUpload.m */,
				C031971F20BBF6D1008CCC4D /* YLLocalImageUpload.xib */,
			);
			path = "拍照与相册图片上传";
			sourceTree = "<group>";
		};
		C032B3EC20E32AB400A54277 /* cell的折叠和展开 */ = {
			isa = PBXGroup;
			children = (
				C032B3FA20E3336700A54277 /* MenuView */,
				C032B3F020E32AC900A54277 /* ViewController */,
				C032B3EF20E32AC700A54277 /* model */,
				C032B3EE20E32AC500A54277 /* View */,
				C032B3ED20E32AC200A54277 /* ViewModel */,
			);
			path = "cell的折叠和展开";
			sourceTree = "<group>";
		};
		C032B3ED20E32AC200A54277 /* ViewModel */ = {
			isa = PBXGroup;
			children = (
			);
			path = ViewModel;
			sourceTree = "<group>";
		};
		C032B3EE20E32AC500A54277 /* View */ = {
			isa = PBXGroup;
			children = (
				C032B3F420E32B4E00A54277 /* YLMenuCell.h */,
				C032B3F520E32B4E00A54277 /* YLMenuCell.m */,
			);
			path = View;
			sourceTree = "<group>";
		};
		C032B3EF20E32AC700A54277 /* model */ = {
			isa = PBXGroup;
			children = (
				C032B3F720E3308700A54277 /* YLMenuCellModel.h */,
				C032B3F820E3308700A54277 /* YLMenuCellModel.m */,
			);
			path = model;
			sourceTree = "<group>";
		};
		C032B3F020E32AC900A54277 /* ViewController */ = {
			isa = PBXGroup;
			children = (
				C032B40F20E3675A00A54277 /* push */,
				C032B3F120E32B1400A54277 /* YLMenuViewController.h */,
				C032B3F220E32B1400A54277 /* YLMenuViewController.m */,
			);
			path = ViewController;
			sourceTree = "<group>";
		};
		C032B3FA20E3336700A54277 /* MenuView */ = {
			isa = PBXGroup;
			children = (
				C032B3FB20E3336700A54277 /* AYMenuView.h */,
				C032B40320E3336700A54277 /* AYMenuView.m */,
				C032B3FC20E3336700A54277 /* AYMenuData.h */,
				C032B40620E3336700A54277 /* AYMenuData.m */,
				C032B3FE20E3336700A54277 /* AYMenuItem.h */,
				C032B40420E3336700A54277 /* AYMenuItem.m */,
				C032B3FF20E3336700A54277 /* Img */,
				C032B40220E3336700A54277 /* AYMenuCell.xib */,
				C032B3FD20E3336700A54277 /* AYMenuCell.h */,
				C032B40520E3336700A54277 /* AYMenuCell.m */,
			);
			path = MenuView;
			sourceTree = "<group>";
		};
		C032B3FF20E3336700A54277 /* Img */ = {
			isa = PBXGroup;
			children = (
				C032B40020E3336700A54277 /* qj@3x.png */,
				C032B40120E3336700A54277 /* qj@2x.png */,
			);
			path = Img;
			sourceTree = "<group>";
		};
		C032B40F20E3675A00A54277 /* push */ = {
			isa = PBXGroup;
			children = (
				C032B41020E3678800A54277 /* YLMenuPushViewController.h */,
				C032B41120E3678800A54277 /* YLMenuPushViewController.m */,
				C032B41220E3678800A54277 /* YLMenuPushViewController.xib */,
			);
			path = push;
			sourceTree = "<group>";
		};
		C033FEF220B5176E00470BFC = {
			isa = PBXGroup;
			children = (
				C033FEFD20B5176E00470BFC /* iOSExperience */,
				C033FEFC20B5176E00470BFC /* Products */,
				565CA73A726D9AF2A1780865 /* Pods */,
				C6D9A2D05D70ED46CFE896D5 /* Frameworks */,
			);
			sourceTree = "<group>";
		};
		C033FEFC20B5176E00470BFC /* Products */ = {
			isa = PBXGroup;
			children = (
				C033FEFB20B5176E00470BFC /* iOSExperience.app */,
			);
			name = Products;
			sourceTree = "<group>";
		};
		C033FEFD20B5176E00470BFC /* iOSExperience */ = {
			isa = PBXGroup;
			children = (
				C033FF1420B519CF00470BFC /* AppDelegate（程序入口） */,
				C033FF1520B519EF00470BFC /* Modules（功能模块） */,
				C033FF1B20B5231F00470BFC /* ThridParty（第三方库） */,
				C033FF1620B522BC00470BFC /* core（核心） */,
				C033FF1920B522E600470BFC /* Resource（资源文件夹） */,
				C033FF1820B522D300470BFC /* Base（基类） */,
				C033FF1720B522C300470BFC /* define */,
				C033FF1A20B522FC00470BFC /* Utlis（工具类） */,
			);
			path = iOSExperience;
			sourceTree = "<group>";
		};
		C033FF1420B519CF00470BFC /* AppDelegate（程序入口） */ = {
			isa = PBXGroup;
			children = (
				C033FEFE20B5176E00470BFC /* AppDelegate.h */,
				C033FEFF20B5176E00470BFC /* AppDelegate.m */,
				C04312D420BE3D54002E345F /* AppDelegate+AppService.h */,
				C04312D520BE3D54002E345F /* AppDelegate+AppService.m */,
			);
			path = "AppDelegate（程序入口）";
			sourceTree = "<group>";
		};
		C033FF1520B519EF00470BFC /* Modules（功能模块） */ = {
			isa = PBXGroup;
			children = (
				C0B3018120D3B38E00F78CDD /* InsertCommercial（插入广告） */,
				C083390320BADE8100F6CAF6 /* Show */,
			);
			path = "Mod\U0010ules（功能模块）";
			sourceTree = "<group>";
		};
		C033FF1620B522BC00470BFC /* core（核心） */ = {
			isa = PBXGroup;
			children = (
				C08338F120BAD84100F6CAF6 /* YLTabBarControllerConfig.h */,
				C08338F220BAD84100F6CAF6 /* YLTabBarControllerConfig.m */,
			);
			path = "core（核心）";
			sourceTree = "<group>";
		};
		C033FF1720B522C300470BFC /* define */ = {
			isa = PBXGroup;
			children = (
				C031970A20BBE7E4008CCC4D /* commonDefine.h */,
				C031970B20BBEB16008CCC4D /* YLCommonDefine.h */,
				C031970D20BBF0EE008CCC4D /* YLSingleton.h */,
			);
			path = define;
			sourceTree = "<group>";
		};
		C033FF1820B522D300470BFC /* Base（基类） */ = {
			isa = PBXGroup;
			children = (
				C0BB15DB20B9A2C800A0095A /* Category */,
				C0BB15DA20B9A2B700A0095A /* BaseClass */,
			);
			path = "Base（基类）";
			sourceTree = "<group>";
		};
		C033FF1920B522E600470BFC /* Resource（资源文件夹） */ = {
			isa = PBXGroup;
			children = (
				C033FF0120B5176E00470BFC /* ViewController.h */,
				C033FF0220B5176E00470BFC /* ViewController.m */,
				C033FF0420B5176E00470BFC /* Main.storyboard */,
				C033FF0720B5177000470BFC /* Assets.xcassets */,
				C033FF0920B5177000470BFC /* LaunchScreen.storyboard */,
				C033FF0C20B5177000470BFC /* Info.plist */,
				C033FF0D20B5177000470BFC /* main.m */,
				C031970C20BBEC00008CCC4D /* YLHeader.pch */,
			);
			path = "Resource（资源文件夹）";
			sourceTree = "<group>";
		};
		C033FF1A20B522FC00470BFC /* Utlis（工具类） */ = {
			isa = PBXGroup;
			children = (
				C031971520BBF577008CCC4D /* CommonTool */,
			);
			path = "Utlis（工具类）";
			sourceTree = "<group>";
		};
		C033FF1B20B5231F00470BFC /* ThridParty（第三方库） */ = {
			isa = PBXGroup;
			children = (
				C0B3017D20D3AC8300F78CDD /* FPS */,
				C031970E20BBF522008CCC4D /* FYSystemCamera */,
			);
			path = "ThridParty（第三方库）";
			sourceTree = "<group>";
		};
		C03ACE6D20C68660001B5C30 /* CollectionView 9宫格式布局 */ = {
			isa = PBXGroup;
			children = (
				C03ACE7120C686D1001B5C30 /* ViewController */,
				C03ACE7020C686CF001B5C30 /* Model */,
				C03ACE6F20C686CC001B5C30 /* View */,
				C03ACE6E20C686C9001B5C30 /* VIewModel */,
			);
			path = "CollectionView 9宫格式布局";
			sourceTree = "<group>";
		};
		C03ACE6E20C686C9001B5C30 /* VIewModel */ = {
			isa = PBXGroup;
			children = (
			);
			path = VIewModel;
			sourceTree = "<group>";
		};
		C03ACE6F20C686CC001B5C30 /* View */ = {
			isa = PBXGroup;
			children = (
				C03ACE7820C68790001B5C30 /* YLScratchableLatexCell.h */,
				C03ACE7920C68790001B5C30 /* YLScratchableLatexCell.m */,
				C03ACE7B20C687AA001B5C30 /* YLScratchableLatexView.h */,
				C03ACE7C20C687AA001B5C30 /* YLScratchableLatexView.m */,
			);
			path = View;
			sourceTree = "<group>";
		};
		C03ACE7020C686CF001B5C30 /* Model */ = {
			isa = PBXGroup;
			children = (
				C03ACE7520C68762001B5C30 /* YLScratchableLatexModel.h */,
				C03ACE7620C68762001B5C30 /* YLScratchableLatexModel.m */,
			);
			path = Model;
			sourceTree = "<group>";
		};
		C03ACE7120C686D1001B5C30 /* ViewController */ = {
			isa = PBXGroup;
			children = (
				C03ACE7220C6873D001B5C30 /* YLScratchableLatexViewController.h */,
				C03ACE7320C6873D001B5C30 /* YLScratchableLatexViewController.m */,
			);
			path = ViewController;
			sourceTree = "<group>";
		};
		C04312CE20BE39FA002E345F /* 本地通知 */ = {
			isa = PBXGroup;
			children = (
				C04312CF20BE3A69002E345F /* YLLocalNotificationsViewController.h */,
				C04312D020BE3A69002E345F /* YLLocalNotificationsViewController.m */,
				C04312D120BE3A69002E345F /* YLLocalNotificationsViewController.xib */,
			);
			path = "本地通知";
			sourceTree = "<group>";
		};
		C04312D720BE7403002E345F /* 可折叠的cell */ = {
			isa = PBXGroup;
			children = (
				C04312DC20BE7511002E345F /* HSFolderCell */,
				C04312DB20BE74E8002E345F /* View */,
				C04312D820BE74AE002E345F /* YLFoldingCellViewController.h */,
				C04312D920BE74AE002E345F /* YLFoldingCellViewController.m */,
			);
			path = "可折叠的cell";
			sourceTree = "<group>";
		};
		C04312DB20BE74E8002E345F /* View */ = {
			isa = PBXGroup;
			children = (
				C04312E620BE753A002E345F /* DemoFoldingCell.h */,
				C04312E720BE753A002E345F /* DemoFoldingCell.m */,
			);
			path = View;
			sourceTree = "<group>";
		};
		C04312DC20BE7511002E345F /* HSFolderCell */ = {
			isa = PBXGroup;
			children = (
				C04312DD20BE7511002E345F /* UIView+SnapShot.m */,
				C04312DE20BE7511002E345F /* HSFolderCell.m */,
				C04312DF20BE7511002E345F /* HSRotatedView.m */,
				C04312E020BE7511002E345F /* UIView+SnapShot.h */,
				C04312E120BE7511002E345F /* HSRotatedView.h */,
				C04312E220BE7511002E345F /* HSFolderCell.h */,
			);
			path = HSFolderCell;
			sourceTree = "<group>";
		};
		C04A798320C53428005CE5C9 /* 日历时间工具 */ = {
			isa = PBXGroup;
			children = (
				C04A798420C53466005CE5C9 /* NSDate+CalendarTool.h */,
				C04A798520C53466005CE5C9 /* NSDate+CalendarTool.m */,
			);
			path = "日历时间工具";
			sourceTree = "<group>";
		};
		C04A798720C5356F005CE5C9 /* check */ = {
			isa = PBXGroup;
			children = (
				C04A798920C535A2005CE5C9 /* NSString+Check.h */,
				C04A798820C535A2005CE5C9 /* NSString+Check.m */,
			);
			path = check;
			sourceTree = "<group>";
		};
		C04A798B20C53626005CE5C9 /* 首字母大写或小写 */ = {
			isa = PBXGroup;
			children = (
			);
			path = "首字母大写或小写";
			sourceTree = "<group>";
		};
		C074141020CD05EA00E8FB9D /* 行高自适应 */ = {
			isa = PBXGroup;
			children = (
				C074141320CD062600E8FB9D /* ViewController */,
				C074141220CD062300E8FB9D /* Model */,
				C074141120CD062000E8FB9D /* View */,
			);
			path = "行高自适应";
			sourceTree = "<group>";
		};
		C074141120CD062000E8FB9D /* View */ = {
			isa = PBXGroup;
			children = (
				C074141720CD09F300E8FB9D /* YLAdaptFontCell.h */,
				C074141820CD09F300E8FB9D /* YLAdaptFontCell.m */,
			);
			path = View;
			sourceTree = "<group>";
		};
		C074141220CD062300E8FB9D /* Model */ = {
			isa = PBXGroup;
			children = (
				C074141420CD069200E8FB9D /* YLJParagraphModel.h */,
				C074141520CD069200E8FB9D /* YLJParagraphModel.m */,
			);
			path = Model;
			sourceTree = "<group>";
		};
		C074141320CD062600E8FB9D /* ViewController */ = {
			isa = PBXGroup;
			children = (
				C074141A20CD0B7500E8FB9D /* YLAdaptFontViewController.h */,
				C074141B20CD0B7500E8FB9D /* YLAdaptFontViewController.m */,
			);
			path = ViewController;
			sourceTree = "<group>";
		};
		C07CF23620D68C8E007D12CA /* 球型立体滚动标签 */ = {
			isa = PBXGroup;
			children = (
				C07CF23920D68CEE007D12CA /* ViewController */,
				C07CF23820D68CEB007D12CA /* Model */,
				C07CF23720D68CE8007D12CA /* View */,
			);
			path = "球型立体滚动标签";
			sourceTree = "<group>";
		};
		C07CF23720D68CE8007D12CA /* View */ = {
			isa = PBXGroup;
			children = (
				C07CF23A20D68D21007D12CA /* DBSphereTagCloud */,
			);
			path = View;
			sourceTree = "<group>";
		};
		C07CF23820D68CEB007D12CA /* Model */ = {
			isa = PBXGroup;
			children = (
			);
			path = Model;
			sourceTree = "<group>";
		};
		C07CF23920D68CEE007D12CA /* ViewController */ = {
			isa = PBXGroup;
			children = (
				C07CF24020D68D90007D12CA /* YLSphereTagCloudViewController.h */,
				C07CF24120D68D90007D12CA /* YLSphereTagCloudViewController.m */,
			);
			path = ViewController;
			sourceTree = "<group>";
		};
		C07CF23A20D68D21007D12CA /* DBSphereTagCloud */ = {
			isa = PBXGroup;
			children = (
				C07CF23B20D68D21007D12CA /* DBPoint.h */,
				C07CF23D20D68D21007D12CA /* DBMatrix.h */,
				C07CF23C20D68D21007D12CA /* DBSphereView.h */,
				C07CF23E20D68D21007D12CA /* DBSphereView.m */,
			);
			path = DBSphereTagCloud;
			sourceTree = "<group>";
		};
		C083390320BADE8100F6CAF6 /* Show */ = {
			isa = PBXGroup;
			children = (
				C083391D20BAF26000F6CAF6 /* subController */,
				C083390420BADE8D00F6CAF6 /* Show */,
			);
			path = Show;
			sourceTree = "<group>";
		};
		C083390420BADE8D00F6CAF6 /* Show */ = {
			isa = PBXGroup;
			children = (
				C083390920BADEBB00F6CAF6 /* ViewController */,
				C083390820BADEB800F6CAF6 /* Model */,
				C083390720BADEB500F6CAF6 /* View */,
				C083390520BADEAD00F6CAF6 /* ViewModel */,
			);
			path = Show;
			sourceTree = "<group>";
		};
		C083390520BADEAD00F6CAF6 /* ViewModel */ = {
			isa = PBXGroup;
			children = (
				C083390D20BADF6F00F6CAF6 /* YLShowViewModel.h */,
				C083390E20BADF6F00F6CAF6 /* YLShowViewModel.m */,
			);
			path = ViewModel;
			sourceTree = "<group>";
		};
		C083390720BADEB500F6CAF6 /* View */ = {
			isa = PBXGroup;
			children = (
				C083391A20BAE86D00F6CAF6 /* YLShowListView.h */,
				C083391B20BAE86D00F6CAF6 /* YLShowListView.m */,
			);
			path = View;
			sourceTree = "<group>";
		};
		C083390820BADEB800F6CAF6 /* Model */ = {
			isa = PBXGroup;
			children = (
				C083391720BAE6BA00F6CAF6 /* YLShowListCellModel.h */,
				C083391820BAE6BA00F6CAF6 /* YLShowListCellModel.m */,
			);
			path = Model;
			sourceTree = "<group>";
		};
		C083390920BADEBB00F6CAF6 /* ViewController */ = {
			isa = PBXGroup;
			children = (
				C083390A20BADF1A00F6CAF6 /* YLShowViewController.h */,
				C083390B20BADF1A00F6CAF6 /* YLShowViewController.m */,
			);
			path = ViewController;
			sourceTree = "<group>";
		};
		C083391020BAE10F00F6CAF6 /* BaseModel */ = {
			isa = PBXGroup;
			children = (
				C083391120BAE13200F6CAF6 /* YLBaseModel.h */,
				C083391220BAE13200F6CAF6 /* YLBaseModel.m */,
				C083391420BAE1F700F6CAF6 /* YLBaseFrameModel.h */,
				C083391520BAE1F700F6CAF6 /* YLBaseFrameModel.m */,
			);
			path = BaseModel;
			sourceTree = "<group>";
		};
		C083391D20BAF26000F6CAF6 /* subController */ = {
			isa = PBXGroup;
			children = (
				C032B3EC20E32AB400A54277 /* cell的折叠和展开 */,
				C0AEB3F920E2142B0030F533 /* 仿今日头条滚动列表 */,
				C07CF23620D68C8E007D12CA /* 球型立体滚动标签 */,
				C0B3014F20D38ADC00F78CDD /* 加载网页带进度条 */,
				C0F7BF5D20CE60FA0087C06C /* 时间选择器 */,
				C074141020CD05EA00E8FB9D /* 行高自适应 */,
				C0C9C2FD20C9013500FAB6EA /* 可编辑的tableView */,
				C0C9C2F920C8DB4F00FAB6EA /* 高斯模糊 */,
				C03ACE6D20C68660001B5C30 /* CollectionView 9宫格式布局 */,
				C04312D720BE7403002E345F /* 可折叠的cell */,
				C04312CE20BE39FA002E345F /* 本地通知 */,
				C031971C20BBF607008CCC4D /* 拍照与相册图片上传 */,
				C083391E20BAF67900F6CAF6 /* 加载网络图片&Gif */,
			);
			path = subController;
			sourceTree = "<group>";
		};
		C083391E20BAF67900F6CAF6 /* 加载网络图片&Gif */ = {
			isa = PBXGroup;
			children = (
				C083392220BAF73100F6CAF6 /* YLShowImageViewController.h */,
				C083392320BAF73100F6CAF6 /* YLShowImageViewController.m */,
				C083392420BAF73100F6CAF6 /* YLShowImageViewController.xib */,
			);
			path = "加载网络图片&Gif";
			sourceTree = "<group>";
		};
		C0AEB3F920E2142B0030F533 /* 仿今日头条滚动列表 */ = {
			isa = PBXGroup;
			children = (
				C0AEB3FD20E214900030F533 /* thirdParty */,
				C0AEB3FC20E214600030F533 /* ViewController */,
				C0AEB3FA20E2145B0030F533 /* Example */,
			);
			path = "仿今日头条滚动列表";
			sourceTree = "<group>";
		};
		C0AEB3FA20E2145B0030F533 /* Example */ = {
			isa = PBXGroup;
			children = (
				C0AEB40C20E215620030F533 /* Example */,
			);
			path = Example;
			sourceTree = "<group>";
		};
		C0AEB3FC20E214600030F533 /* ViewController */ = {
			isa = PBXGroup;
			children = (
				C0AEB42220E215910030F533 /* YLRollingViewController.h */,
				C0AEB42320E215910030F533 /* YLRollingViewController.m */,
			);
			path = ViewController;
			sourceTree = "<group>";
		};
		C0AEB3FD20E214900030F533 /* thirdParty */ = {
			isa = PBXGroup;
			children = (
				C0AEB3FE20E214DF0030F533 /* XLSlideSwitch */,
			);
			path = thirdParty;
			sourceTree = "<group>";
		};
		C0AEB3FE20E214DF0030F533 /* XLSlideSwitch */ = {
			isa = PBXGroup;
			children = (
				C0AEB40120E214DF0030F533 /* XLSlideSwitch.h */,
				C0AEB40620E214DF0030F533 /* XLSlideSwitch.m */,
				C0AEB3FF20E214DF0030F533 /* XLSlideSegmented.h */,
				C0AEB40420E214DF0030F533 /* XLSlideSegmented.m */,
				C0AEB40720E214DF0030F533 /* XLSlideSegmentedItem.h */,
				C0AEB40220E214DF0030F533 /* XLSlideSegmentedItem.m */,
				C0AEB40020E214DF0030F533 /* XLSegmentedSlideSwitch.h */,
				C0AEB40520E214DF0030F533 /* XLSegmentedSlideSwitch.m */,
				C0AEB40320E214DF0030F533 /* XLSlideSwitchDelegate.h */,
			);
			path = XLSlideSwitch;
			sourceTree = "<group>";
		};
		C0AEB40C20E215620030F533 /* Example */ = {
			isa = PBXGroup;
			children = (
				C0AEB41A20E215620030F533 /* SlideSwitchExample1.h */,
				C0AEB41120E215620030F533 /* SlideSwitchExample1.m */,
				C0AEB41320E215620030F533 /* SlideSwitchExample2.h */,
				C0AEB40E20E215620030F533 /* SlideSwitchExample2.m */,
				C0AEB41220E215620030F533 /* SegmentedSlideSwitchExample1.h */,
				C0AEB41920E215620030F533 /* SegmentedSlideSwitchExample1.m */,
				C0AEB40D20E215620030F533 /* SegmentedSlideSwitchExample2.h */,
				C0AEB41420E215620030F533 /* SegmentedSlideSwitchExample2.m */,
				C0AEB41620E215620030F533 /* Resource */,
				C0AEB40F20E215620030F533 /* TableViewController.h */,
				C0AEB41820E215620030F533 /* TableViewController.m */,
				C0AEB41020E215620030F533 /* CollectionViewController.h */,
				C0AEB41520E215620030F533 /* CollectionViewController.m */,
			);
			path = Example;
			sourceTree = "<group>";
		};
		C0AEB41620E215620030F533 /* Resource */ = {
			isa = PBXGroup;
			children = (
				C0AEB41720E215620030F533 /* channelAdd.png */,
			);
			path = Resource;
			sourceTree = "<group>";
		};
		C0B3014F20D38ADC00F78CDD /* 加载网页带进度条 */ = {
			isa = PBXGroup;
			children = (
				C0B3016720D3911100F78CDD /* Base */,
				C0B3015120D38B0700F78CDD /* Tool */,
				C0B3015020D38B0400F78CDD /* ViewController */,
			);
			path = "加载网页带进度条";
			sourceTree = "<group>";
		};
		C0B3015020D38B0400F78CDD /* ViewController */ = {
			isa = PBXGroup;
			children = (
				C0B3017720D39E4100F78CDD /* YLRunWebViewViewController.h */,
				C0B3017820D39E4100F78CDD /* YLRunWebViewViewController.m */,
			);
			path = ViewController;
			sourceTree = "<group>";
		};
		C0B3015120D38B0700F78CDD /* Tool */ = {
			isa = PBXGroup;
			children = (
			);
			path = Tool;
			sourceTree = "<group>";
		};
		C0B3016720D3911100F78CDD /* Base */ = {
			isa = PBXGroup;
			children = (
			);
			path = Base;
			sourceTree = "<group>";
		};
		C0B3017D20D3AC8300F78CDD /* FPS */ = {
			isa = PBXGroup;
			children = (
				C0B3017F20D3ACA900F78CDD /* YYFPSLabel.h */,
				C0B3017E20D3ACA900F78CDD /* YYFPSLabel.m */,
			);
			path = FPS;
			sourceTree = "<group>";
		};
		C0B3018120D3B38E00F78CDD /* InsertCommercial（插入广告） */ = {
			isa = PBXGroup;
			children = (
				C0B3018220D3B45D00F78CDD /* AdPage */,
			);
			path = "InsertCommercial（插入广告）";
			sourceTree = "<group>";
		};
		C0B3018220D3B45D00F78CDD /* AdPage */ = {
			isa = PBXGroup;
			children = (
				C0B3018420D3B45D00F78CDD /* AdPageView.h */,
				C0B3018320D3B45D00F78CDD /* AdPageView.m */,
			);
			path = AdPage;
			sourceTree = "<group>";
		};
		C0BB15CE20B99D9000A0095A /* BaseViewController */ = {
			isa = PBXGroup;
			children = (
				C0BB15CF20B99DBE00A0095A /* YLBaseViewController.h */,
				C0BB15D020B99DBE00A0095A /* YLBaseViewController.m */,
			);
			path = BaseViewController;
			sourceTree = "<group>";
		};
		C0BB15D220B99E3F00A0095A /* BaseNavigationController */ = {
			isa = PBXGroup;
			children = (
				C0BB15D320B99E6200A0095A /* YLBaseNavigationController.h */,
				C0BB15D420B99E6200A0095A /* YLBaseNavigationController.m */,
			);
			path = BaseNavigationController;
			sourceTree = "<group>";
		};
		C0BB15D620B9A25500A0095A /* BaseViewModel */ = {
			isa = PBXGroup;
			children = (
				C0BB15D720B9A26A00A0095A /* YLBaseViewModel.h */,
				C0BB15D820B9A26A00A0095A /* YLBaseViewModel.m */,
			);
			path = BaseViewModel;
			sourceTree = "<group>";
		};
		C0BB15DA20B9A2B700A0095A /* BaseClass */ = {
			isa = PBXGroup;
			children = (
				C083391020BAE10F00F6CAF6 /* BaseModel */,
				C0BB15D620B9A25500A0095A /* BaseViewModel */,
				C0BB15D220B99E3F00A0095A /* BaseNavigationController */,
				C0BB15CE20B99D9000A0095A /* BaseViewController */,
			);
			path = BaseClass;
			sourceTree = "<group>";
		};
		C0BB15DB20B9A2C800A0095A /* Category */ = {
			isa = PBXGroup;
			children = (
				C04A798B20C53626005CE5C9 /* 首字母大写或小写 */,
				C04A798720C5356F005CE5C9 /* check */,
				C04A798320C53428005CE5C9 /* 日历时间工具 */,
				C0BB15FF20B9A7B000A0095A /* UIView+ */,
				C0BB15FB20B9A74E00A0095A /* UIViewController+ */,
				C0BB15F720B9A6C300A0095A /* UITabBar+ */,
				C0BB15F320B9A64C00A0095A /* UINavigationBar+ */,
				C0BB15EC20B9A57C00A0095A /* UILabel+ */,
				C0BB15E820B9A4EB00A0095A /* UIImage+ */,
				C0BB15E120B9A38900A0095A /* UIColor+ */,
				C0BB15E020B9A38700A0095A /* UIFont+ */,
				C0BB15DF20B9A36700A0095A /* UIButton+ */,
			);
			path = Category;
			sourceTree = "<group>";
		};
		C0BB15DF20B9A36700A0095A /* UIButton+ */ = {
			isa = PBXGroup;
			children = (
				C0BB15DC20B9A33300A0095A /* UIButton+YLHelper.h */,
				C0BB15DD20B9A33300A0095A /* UIButton+YLHelper.m */,
			);
			path = "UIButton+";
			sourceTree = "<group>";
		};
		C0BB15E020B9A38700A0095A /* UIFont+ */ = {
			isa = PBXGroup;
			children = (
				C0BB15E520B9A4B000A0095A /* UIFont+YLHelper.h */,
				C0BB15E620B9A4B000A0095A /* UIFont+YLHelper.m */,
			);
			path = "UIFont+";
			sourceTree = "<group>";
		};
		C0BB15E120B9A38900A0095A /* UIColor+ */ = {
			isa = PBXGroup;
			children = (
				C0BB15E220B9A3B200A0095A /* UIColor+YLHelper.h */,
				C0BB15E320B9A3B200A0095A /* UIColor+YLHelper.m */,
			);
			path = "UIColor+";
			sourceTree = "<group>";
		};
		C0BB15E820B9A4EB00A0095A /* UIImage+ */ = {
			isa = PBXGroup;
			children = (
				C0BB15E920B9A50F00A0095A /* UIImage+YLHelper.h */,
				C0BB15EA20B9A50F00A0095A /* UIImage+YLHelper.m */,
			);
			path = "UIImage+";
			sourceTree = "<group>";
		};
		C0BB15EC20B9A57C00A0095A /* UILabel+ */ = {
			isa = PBXGroup;
			children = (
				C0BB15ED20B9A5A200A0095A /* UILabel+YLHelper.h */,
				C0BB15EE20B9A5A200A0095A /* UILabel+YLHelper.m */,
				C0BB15F020B9A5DA00A0095A /* UILabel+YLChangeLineSpaceAndWordSpace.h */,
				C0BB15F120B9A5DA00A0095A /* UILabel+YLChangeLineSpaceAndWordSpace.m */,
			);
			path = "UILabel+";
			sourceTree = "<group>";
		};
		C0BB15F320B9A64C00A0095A /* UINavigationBar+ */ = {
			isa = PBXGroup;
			children = (
				C0BB15F420B9A64C00A0095A /* UINavigationController+FDFullscreenPopGesture.h */,
				C0BB15F520B9A64C00A0095A /* UINavigationController+FDFullscreenPopGesture.m */,
			);
			path = "UINavigationBar+";
			sourceTree = "<group>";
		};
		C0BB15F720B9A6C300A0095A /* UITabBar+ */ = {
			isa = PBXGroup;
			children = (
				C0BB15F820B9A6D900A0095A /* UITabBar+YLBadge.h */,
				C0BB15F920B9A6D900A0095A /* UITabBar+YLBadge.m */,
			);
			path = "UITabBar+";
			sourceTree = "<group>";
		};
		C0BB15FB20B9A74E00A0095A /* UIViewController+ */ = {
			isa = PBXGroup;
			children = (
				C0BB15FC20B9A76700A0095A /* UIViewController+YLHelper.h */,
				C0BB15FD20B9A76700A0095A /* UIViewController+YLHelper.m */,
			);
			path = "UIViewController+";
			sourceTree = "<group>";
		};
		C0BB15FF20B9A7B000A0095A /* UIView+ */ = {
			isa = PBXGroup;
			children = (
				C08338EE20BAD68A00F6CAF6 /* UIView+YLLoading.h */,
				C08338EF20BAD68A00F6CAF6 /* UIView+YLLoading.m */,
			);
			path = "UIView+";
			sourceTree = "<group>";
		};
		C0C9C2F920C8DB4F00FAB6EA /* 高斯模糊 */ = {
			isa = PBXGroup;
			children = (
				C0C9C2FA20C8DCCE00FAB6EA /* YLFuzzyViewController.h */,
				C0C9C2FB20C8DCCE00FAB6EA /* YLFuzzyViewController.m */,
			);
			path = "高斯模糊";
			sourceTree = "<group>";
		};
		C0C9C2FD20C9013500FAB6EA /* 可编辑的tableView */ = {
			isa = PBXGroup;
			children = (
				C0C9C2FE20C9020800FAB6EA /* YLEditableViewController.h */,
				C0C9C2FF20C9020800FAB6EA /* YLEditableViewController.m */,
			);
			path = "可编辑的tableView";
			sourceTree = "<group>";
		};
		C0F7BF5D20CE60FA0087C06C /* 时间选择器 */ = {
			isa = PBXGroup;
			children = (
				C0F7BF6020CE61790087C06C /* ViewController */,
				C0F7BF5F20CE61770087C06C /* Model */,
				C0F7BF5E20CE61750087C06C /* View */,
			);
			path = "时间选择器";
			sourceTree = "<group>";
		};
		C0F7BF5E20CE61750087C06C /* View */ = {
			isa = PBXGroup;
			children = (
				C0F7BF6120CE61B10087C06C /* YLSelectTimeView.h */,
				C0F7BF6220CE61B10087C06C /* YLSelectTimeView.m */,
			);
			path = View;
			sourceTree = "<group>";
		};
		C0F7BF5F20CE61770087C06C /* Model */ = {
			isa = PBXGroup;
			children = (
			);
			path = Model;
			sourceTree = "<group>";
		};
		C0F7BF6020CE61790087C06C /* ViewController */ = {
			isa = PBXGroup;
			children = (
				C0F7BF6420CE659B0087C06C /* YLSelectTimeViewController.h */,
				C0F7BF6520CE659B0087C06C /* YLSelectTimeViewController.m */,
				C0F7BF6620CE659B0087C06C /* YLSelectTimeViewController.xib */,
			);
			path = ViewController;
			sourceTree = "<group>";
		};
		C6D9A2D05D70ED46CFE896D5 /* Frameworks */ = {
			isa = PBXGroup;
			children = (
				FF9B79C915CF3D3D4B24A21C /* libPods-iOSExperience.a */,
			);
			name = Frameworks;
			sourceTree = "<group>";
		};
/* End PBXGroup section */

/* Begin PBXNativeTarget section */
		C033FEFA20B5176E00470BFC /* iOSExperience */ = {
			isa = PBXNativeTarget;
			buildConfigurationList = C033FF1120B5177000470BFC /* Build configuration list for PBXNativeTarget "iOSExperience" */;
			buildPhases = (
				6BB4BE389FA89E46FFE0BB95 /* [CP] Check Pods Manifest.lock */,
				C033FEF720B5176E00470BFC /* Sources */,
				C033FEF820B5176E00470BFC /* Frameworks */,
				C033FEF920B5176E00470BFC /* Resources */,
				2CDF798E9C60AC4BAD24CD76 /* [CP] Copy Pods Resources */,
			);
			buildRules = (
			);
			dependencies = (
			);
			name = iOSExperience;
			productName = iOSExperience;
			productReference = C033FEFB20B5176E00470BFC /* iOSExperience.app */;
			productType = "com.apple.product-type.application";
		};
/* End PBXNativeTarget section */

/* Begin PBXProject section */
		C033FEF320B5176E00470BFC /* Project object */ = {
			isa = PBXProject;
			attributes = {
				CLASSPREFIX = YL;
				LastUpgradeCheck = 0930;
				ORGANIZATIONNAME = avatar;
				TargetAttributes = {
					C033FEFA20B5176E00470BFC = {
						CreatedOnToolsVersion = 9.3;
					};
				};
			};
			buildConfigurationList = C033FEF620B5176E00470BFC /* Build configuration list for PBXProject "iOSExperience" */;
			compatibilityVersion = "Xcode 9.3";
			developmentRegion = en;
			hasScannedForEncodings = 0;
			knownRegions = (
				en,
				Base,
			);
			mainGroup = C033FEF220B5176E00470BFC;
			productRefGroup = C033FEFC20B5176E00470BFC /* Products */;
			projectDirPath = "";
			projectRoot = "";
			targets = (
				C033FEFA20B5176E00470BFC /* iOSExperience */,
			);
		};
/* End PBXProject section */

/* Begin PBXResourcesBuildPhase section */
		C033FEF920B5176E00470BFC /* Resources */ = {
			isa = PBXResourcesBuildPhase;
			buildActionMask = 2147483647;
			files = (
				C031972120BBF6D1008CCC4D /* YLLocalImageUpload.xib in Resources */,
				C032B40920E3336700A54277 /* AYMenuCell.xib in Resources */,
				C032B40820E3336700A54277 /* qj@2x.png in Resources */,
				C033FF0B20B5177000470BFC /* LaunchScreen.storyboard in Resources */,
				C04312D320BE3A69002E345F /* YLLocalNotificationsViewController.xib in Resources */,
				C032B40720E3336700A54277 /* qj@3x.png in Resources */,
				C0AEB41F20E215620030F533 /* channelAdd.png in Resources */,
				C0F7BF6820CE659B0087C06C /* YLSelectTimeViewController.xib in Resources */,
				C033FF0820B5177000470BFC /* Assets.xcassets in Resources */,
				C083392620BAF73100F6CAF6 /* YLShowImageViewController.xib in Resources */,
				C032B41420E3678800A54277 /* YLMenuPushViewController.xib in Resources */,
				C033FF0620B5176E00470BFC /* Main.storyboard in Resources */,
			);
			runOnlyForDeploymentPostprocessing = 0;
		};
/* End PBXResourcesBuildPhase section */

/* Begin PBXShellScriptBuildPhase section */
		2CDF798E9C60AC4BAD24CD76 /* [CP] Copy Pods Resources */ = {
			isa = PBXShellScriptBuildPhase;
			buildActionMask = 2147483647;
			files = (
			);
			inputPaths = (
				"${SRCROOT}/Pods/Target Support Files/Pods-iOSExperience/Pods-iOSExperience-resources.sh",
				"${PODS_ROOT}/MJRefresh/MJRefresh/MJRefresh.bundle",
			);
			name = "[CP] Copy Pods Resources";
			outputPaths = (
				"${TARGET_BUILD_DIR}/${UNLOCALIZED_RESOURCES_FOLDER_PATH}/MJRefresh.bundle",
			);
			runOnlyForDeploymentPostprocessing = 0;
			shellPath = /bin/sh;
			shellScript = "\"${SRCROOT}/Pods/Target Support Files/Pods-iOSExperience/Pods-iOSExperience-resources.sh\"\n";
			showEnvVarsInLog = 0;
		};
		6BB4BE389FA89E46FFE0BB95 /* [CP] Check Pods Manifest.lock */ = {
			isa = PBXShellScriptBuildPhase;
			buildActionMask = 2147483647;
			files = (
			);
			inputPaths = (
				"${PODS_PODFILE_DIR_PATH}/Podfile.lock",
				"${PODS_ROOT}/Manifest.lock",
			);
			name = "[CP] Check Pods Manifest.lock";
			outputPaths = (
				"$(DERIVED_FILE_DIR)/Pods-iOSExperience-checkManifestLockResult.txt",
			);
			runOnlyForDeploymentPostprocessing = 0;
			shellPath = /bin/sh;
			shellScript = "diff \"${PODS_PODFILE_DIR_PATH}/Podfile.lock\" \"${PODS_ROOT}/Manifest.lock\" > /dev/null\nif [ $? != 0 ] ; then\n    # print error to STDERR\n    echo \"error: The sandbox is not in sync with the Podfile.lock. Run 'pod install' or update your CocoaPods installation.\" >&2\n    exit 1\nfi\n# This output is used by Xcode 'outputs' to avoid re-running this script phase.\necho \"SUCCESS\" > \"${SCRIPT_OUTPUT_FILE_0}\"\n";
			showEnvVarsInLog = 0;
		};
/* End PBXShellScriptBuildPhase section */

/* Begin PBXSourcesBuildPhase section */
		C033FEF720B5176E00470BFC /* Sources */ = {
			isa = PBXSourcesBuildPhase;
			buildActionMask = 2147483647;
			files = (
				C083391620BAE1F700F6CAF6 /* YLBaseFrameModel.m in Sources */,
				C03ACE7420C6873D001B5C30 /* YLScratchableLatexViewController.m in Sources */,
				C08338F320BAD84100F6CAF6 /* YLTabBarControllerConfig.m in Sources */,
				C0BB15D120B99DBE00A0095A /* YLBaseViewController.m in Sources */,
				C0BB15F220B9A5DA00A0095A /* UILabel+YLChangeLineSpaceAndWordSpace.m in Sources */,
				C0B3017920D39E4100F78CDD /* YLRunWebViewViewController.m in Sources */,
				C04312E820BE753A002E345F /* DemoFoldingCell.m in Sources */,
				C033FF0320B5176E00470BFC /* ViewController.m in Sources */,
				C074141C20CD0B7500E8FB9D /* YLAdaptFontViewController.m in Sources */,
				C0AEB42420E215910030F533 /* YLRollingViewController.m in Sources */,
				C032B3F320E32B1400A54277 /* YLMenuViewController.m in Sources */,
				C083391C20BAE86D00F6CAF6 /* YLShowListView.m in Sources */,
				C083392520BAF73100F6CAF6 /* YLShowImageViewController.m in Sources */,
				C0AEB40B20E214DF0030F533 /* XLSlideSwitch.m in Sources */,
				C083391920BAE6BA00F6CAF6 /* YLShowListCellModel.m in Sources */,
				C083390C20BADF1A00F6CAF6 /* YLShowViewController.m in Sources */,
				C032B3F620E32B4E00A54277 /* YLMenuCell.m in Sources */,
				C0F7BF6320CE61B10087C06C /* YLSelectTimeView.m in Sources */,
				C04A798A20C535A2005CE5C9 /* NSString+Check.m in Sources */,
				C083391320BAE13200F6CAF6 /* YLBaseModel.m in Sources */,
				C04312E420BE7511002E345F /* HSFolderCell.m in Sources */,
				C0BB15EF20B9A5A200A0095A /* UILabel+YLHelper.m in Sources */,
				C03ACE7D20C687AA001B5C30 /* YLScratchableLatexView.m in Sources */,
				C0AEB41C20E215620030F533 /* SlideSwitchExample1.m in Sources */,
				C08338F020BAD68A00F6CAF6 /* UIView+YLLoading.m in Sources */,
				C0BB15E420B9A3B200A0095A /* UIColor+YLHelper.m in Sources */,
				C031971B20BBF577008CCC4D /* ATSettingPermissionCheckTool.m in Sources */,
				C07CF24220D68D90007D12CA /* YLSphereTagCloudViewController.m in Sources */,
				C0BB15E720B9A4B000A0095A /* UIFont+YLHelper.m in Sources */,
				C0BB15FE20B9A76700A0095A /* UIViewController+YLHelper.m in Sources */,
				C0B3018020D3ACA900F78CDD /* YYFPSLabel.m in Sources */,
				C03ACE7A20C68790001B5C30 /* YLScratchableLatexCell.m in Sources */,
				C0C9C2FC20C8DCCE00FAB6EA /* YLFuzzyViewController.m in Sources */,
				C03ACE7720C68762001B5C30 /* YLScratchableLatexModel.m in Sources */,
				C032B40C20E3336700A54277 /* AYMenuCell.m in Sources */,
				C04312E520BE7511002E345F /* HSRotatedView.m in Sources */,
				C0BB15D920B9A26A00A0095A /* YLBaseViewModel.m in Sources */,
				C0BB15DE20B9A33300A0095A /* UIButton+YLHelper.m in Sources */,
				C0AEB41E20E215620030F533 /* CollectionViewController.m in Sources */,
				C0AEB41D20E215620030F533 /* SegmentedSlideSwitchExample2.m in Sources */,
				C0BB15D520B99E6200A0095A /* YLBaseNavigationController.m in Sources */,
				C031971420BBF522008CCC4D /* FYSystemCameraController.m in Sources */,
				C04312D220BE3A69002E345F /* YLLocalNotificationsViewController.m in Sources */,
				C033FF0E20B5177000470BFC /* main.m in Sources */,
				C0AEB42020E215620030F533 /* TableViewController.m in Sources */,
				C0F7BF6720CE659B0087C06C /* YLSelectTimeViewController.m in Sources */,
				C0B3018520D3B45D00F78CDD /* AdPageView.m in Sources */,
				C0AEB41B20E215620030F533 /* SlideSwitchExample2.m in Sources */,
				C04A798620C53466005CE5C9 /* NSDate+CalendarTool.m in Sources */,
				C0BB15EB20B9A50F00A0095A /* UIImage+YLHelper.m in Sources */,
				C032B41320E3678800A54277 /* YLMenuPushViewController.m in Sources */,
				C04312D620BE3D54002E345F /* AppDelegate+AppService.m in Sources */,
				C031971320BBF522008CCC4D /* VPImageCropperViewController.m in Sources */,
				C083390F20BADF6F00F6CAF6 /* YLShowViewModel.m in Sources */,
				C0AEB40820E214DF0030F533 /* XLSlideSegmentedItem.m in Sources */,
				C033FF0020B5176E00470BFC /* AppDelegate.m in Sources */,
				C04312E320BE7511002E345F /* UIView+SnapShot.m in Sources */,
				C0AEB40920E214DF0030F533 /* XLSlideSegmented.m in Sources */,
				C0AEB42120E215620030F533 /* SegmentedSlideSwitchExample1.m in Sources */,
				C074141920CD09F300E8FB9D /* YLAdaptFontCell.m in Sources */,
				C031972020BBF6D1008CCC4D /* YLLocalImageUpload.m in Sources */,
				C032B3F920E3308700A54277 /* YLMenuCellModel.m in Sources */,
				C0BB15FA20B9A6D900A0095A /* UITabBar+YLBadge.m in Sources */,
				C031971A20BBF577008CCC4D /* AVExportContectsTool.m in Sources */,
				C0BB15F620B9A64C00A0095A /* UINavigationController+FDFullscreenPopGesture.m in Sources */,
				C032B40D20E3336700A54277 /* AYMenuData.m in Sources */,
				C032B40B20E3336700A54277 /* AYMenuItem.m in Sources */,
				C032B40A20E3336700A54277 /* AYMenuView.m in Sources */,
				C04312DA20BE74AE002E345F /* YLFoldingCellViewController.m in Sources */,
				C0C9C30020C9020800FAB6EA /* YLEditableViewController.m in Sources */,
				C07CF23F20D68D21007D12CA /* DBSphereView.m in Sources */,
				C0AEB40A20E214DF0030F533 /* XLSegmentedSlideSwitch.m in Sources */,
				C074141620CD069200E8FB9D /* YLJParagraphModel.m in Sources */,
			);
			runOnlyForDeploymentPostprocessing = 0;
		};
/* End PBXSourcesBuildPhase section */

/* Begin PBXVariantGroup section */
		C033FF0420B5176E00470BFC /* Main.storyboard */ = {
			isa = PBXVariantGroup;
			children = (
				C033FF0520B5176E00470BFC /* Base */,
			);
			name = Main.storyboard;
			sourceTree = "<group>";
		};
		C033FF0920B5177000470BFC /* LaunchScreen.storyboard */ = {
			isa = PBXVariantGroup;
			children = (
				C033FF0A20B5177000470BFC /* Base */,
			);
			name = LaunchScreen.storyboard;
			sourceTree = "<group>";
		};
/* End PBXVariantGroup section */

/* Begin XCBuildConfiguration section */
		C033FF0F20B5177000470BFC /* Debug */ = {
			isa = XCBuildConfiguration;
			buildSettings = {
				ALWAYS_SEARCH_USER_PATHS = NO;
				CLANG_ANALYZER_NONNULL = YES;
				CLANG_ANALYZER_NUMBER_OBJECT_CONVERSION = YES_AGGRESSIVE;
				CLANG_CXX_LANGUAGE_STANDARD = "gnu++14";
				CLANG_CXX_LIBRARY = "libc++";
				CLANG_ENABLE_MODULES = YES;
				CLANG_ENABLE_OBJC_ARC = YES;
				CLANG_ENABLE_OBJC_WEAK = YES;
				CLANG_WARN_BLOCK_CAPTURE_AUTORELEASING = YES;
				CLANG_WARN_BOOL_CONVERSION = YES;
				CLANG_WARN_COMMA = YES;
				CLANG_WARN_CONSTANT_CONVERSION = YES;
				CLANG_WARN_DEPRECATED_OBJC_IMPLEMENTATIONS = YES;
				CLANG_WARN_DIRECT_OBJC_ISA_USAGE = YES_ERROR;
				CLANG_WARN_DOCUMENTATION_COMMENTS = YES;
				CLANG_WARN_EMPTY_BODY = YES;
				CLANG_WARN_ENUM_CONVERSION = YES;
				CLANG_WARN_INFINITE_RECURSION = YES;
				CLANG_WARN_INT_CONVERSION = YES;
				CLANG_WARN_NON_LITERAL_NULL_CONVERSION = YES;
				CLANG_WARN_OBJC_IMPLICIT_RETAIN_SELF = YES;
				CLANG_WARN_OBJC_LITERAL_CONVERSION = YES;
				CLANG_WARN_OBJC_ROOT_CLASS = YES_ERROR;
				CLANG_WARN_RANGE_LOOP_ANALYSIS = YES;
				CLANG_WARN_STRICT_PROTOTYPES = YES;
				CLANG_WARN_SUSPICIOUS_MOVE = YES;
				CLANG_WARN_UNGUARDED_AVAILABILITY = YES_AGGRESSIVE;
				CLANG_WARN_UNREACHABLE_CODE = YES;
				CLANG_WARN__DUPLICATE_METHOD_MATCH = YES;
				CODE_SIGN_IDENTITY = "iPhone Developer";
				COPY_PHASE_STRIP = NO;
				DEBUG_INFORMATION_FORMAT = dwarf;
				ENABLE_STRICT_OBJC_MSGSEND = YES;
				ENABLE_TESTABILITY = YES;
				GCC_C_LANGUAGE_STANDARD = gnu11;
				GCC_DYNAMIC_NO_PIC = NO;
				GCC_NO_COMMON_BLOCKS = YES;
				GCC_OPTIMIZATION_LEVEL = 0;
				GCC_PREPROCESSOR_DEFINITIONS = (
					"DEBUG=1",
					"$(inherited)",
				);
				GCC_WARN_64_TO_32_BIT_CONVERSION = YES;
				GCC_WARN_ABOUT_RETURN_TYPE = YES_ERROR;
				GCC_WARN_UNDECLARED_SELECTOR = YES;
				GCC_WARN_UNINITIALIZED_AUTOS = YES_AGGRESSIVE;
				GCC_WARN_UNUSED_FUNCTION = YES;
				GCC_WARN_UNUSED_VARIABLE = YES;
				IPHONEOS_DEPLOYMENT_TARGET = 11.3;
				MTL_ENABLE_DEBUG_INFO = YES;
				ONLY_ACTIVE_ARCH = YES;
				SDKROOT = iphoneos;
			};
			name = Debug;
		};
		C033FF1020B5177000470BFC /* Release */ = {
			isa = XCBuildConfiguration;
			buildSettings = {
				ALWAYS_SEARCH_USER_PATHS = NO;
				CLANG_ANALYZER_NONNULL = YES;
				CLANG_ANALYZER_NUMBER_OBJECT_CONVERSION = YES_AGGRESSIVE;
				CLANG_CXX_LANGUAGE_STANDARD = "gnu++14";
				CLANG_CXX_LIBRARY = "libc++";
				CLANG_ENABLE_MODULES = YES;
				CLANG_ENABLE_OBJC_ARC = YES;
				CLANG_ENABLE_OBJC_WEAK = YES;
				CLANG_WARN_BLOCK_CAPTURE_AUTORELEASING = YES;
				CLANG_WARN_BOOL_CONVERSION = YES;
				CLANG_WARN_COMMA = YES;
				CLANG_WARN_CONSTANT_CONVERSION = YES;
				CLANG_WARN_DEPRECATED_OBJC_IMPLEMENTATIONS = YES;
				CLANG_WARN_DIRECT_OBJC_ISA_USAGE = YES_ERROR;
				CLANG_WARN_DOCUMENTATION_COMMENTS = YES;
				CLANG_WARN_EMPTY_BODY = YES;
				CLANG_WARN_ENUM_CONVERSION = YES;
				CLANG_WARN_INFINITE_RECURSION = YES;
				CLANG_WARN_INT_CONVERSION = YES;
				CLANG_WARN_NON_LITERAL_NULL_CONVERSION = YES;
				CLANG_WARN_OBJC_IMPLICIT_RETAIN_SELF = YES;
				CLANG_WARN_OBJC_LITERAL_CONVERSION = YES;
				CLANG_WARN_OBJC_ROOT_CLASS = YES_ERROR;
				CLANG_WARN_RANGE_LOOP_ANALYSIS = YES;
				CLANG_WARN_STRICT_PROTOTYPES = YES;
				CLANG_WARN_SUSPICIOUS_MOVE = YES;
				CLANG_WARN_UNGUARDED_AVAILABILITY = YES_AGGRESSIVE;
				CLANG_WARN_UNREACHABLE_CODE = YES;
				CLANG_WARN__DUPLICATE_METHOD_MATCH = YES;
				CODE_SIGN_IDENTITY = "iPhone Developer";
				COPY_PHASE_STRIP = NO;
				DEBUG_INFORMATION_FORMAT = "dwarf-with-dsym";
				ENABLE_NS_ASSERTIONS = NO;
				ENABLE_STRICT_OBJC_MSGSEND = YES;
				GCC_C_LANGUAGE_STANDARD = gnu11;
				GCC_NO_COMMON_BLOCKS = YES;
				GCC_WARN_64_TO_32_BIT_CONVERSION = YES;
				GCC_WARN_ABOUT_RETURN_TYPE = YES_ERROR;
				GCC_WARN_UNDECLARED_SELECTOR = YES;
				GCC_WARN_UNINITIALIZED_AUTOS = YES_AGGRESSIVE;
				GCC_WARN_UNUSED_FUNCTION = YES;
				GCC_WARN_UNUSED_VARIABLE = YES;
				IPHONEOS_DEPLOYMENT_TARGET = 11.3;
				MTL_ENABLE_DEBUG_INFO = NO;
				SDKROOT = iphoneos;
				VALIDATE_PRODUCT = YES;
			};
			name = Release;
		};
		C033FF1220B5177000470BFC /* Debug */ = {
			isa = XCBuildConfiguration;
			baseConfigurationReference = 13679B75C473A6BA40024BA8 /* Pods-iOSExperience.debug.xcconfig */;
			buildSettings = {
				ASSETCATALOG_COMPILER_APPICON_NAME = AppIcon;
				CODE_SIGN_STYLE = Automatic;
				DEVELOPMENT_TEAM = HHH85LCW4M;
				GCC_PRECOMPILE_PREFIX_HEADER = YES;
				GCC_PREFIX_HEADER = "$(SRCROOT)/iOSExperience/Resource（资源文件夹）/YLHeader.pch";
				INFOPLIST_FILE = "iOSExperience/Resource（资源文件夹）/Info.plist";
				LD_RUNPATH_SEARCH_PATHS = (
					"$(inherited)",
					"@executable_path/Frameworks",
				);
				PRODUCT_BUNDLE_IDENTIFIER = com.avatar.iOSExperience;
				PRODUCT_NAME = "$(TARGET_NAME)";
				TARGETED_DEVICE_FAMILY = "1,2";
			};
			name = Debug;
		};
		C033FF1320B5177000470BFC /* Release */ = {
			isa = XCBuildConfiguration;
			baseConfigurationReference = DFF2F9983A3546668029F82E /* Pods-iOSExperience.release.xcconfig */;
			buildSettings = {
				ASSETCATALOG_COMPILER_APPICON_NAME = AppIcon;
				CODE_SIGN_STYLE = Automatic;
				DEVELOPMENT_TEAM = HHH85LCW4M;
				GCC_PRECOMPILE_PREFIX_HEADER = YES;
				GCC_PREFIX_HEADER = "$(SRCROOT)/iOSExperience/Resource（资源文件夹）/YLHeader.pch";
				INFOPLIST_FILE = "iOSExperience/Resource（资源文件夹）/Info.plist";
				LD_RUNPATH_SEARCH_PATHS = (
					"$(inherited)",
					"@executable_path/Frameworks",
				);
				PRODUCT_BUNDLE_IDENTIFIER = com.avatar.iOSExperience;
				PRODUCT_NAME = "$(TARGET_NAME)";
				TARGETED_DEVICE_FAMILY = "1,2";
			};
			name = Release;
		};
/* End XCBuildConfiguration section */

/* Begin XCConfigurationList section */
		C033FEF620B5176E00470BFC /* Build configuration list for PBXProject "iOSExperience" */ = {
			isa = XCConfigurationList;
			buildConfigurations = (
				C033FF0F20B5177000470BFC /* Debug */,
				C033FF1020B5177000470BFC /* Release */,
			);
			defaultConfigurationIsVisible = 0;
			defaultConfigurationName = Release;
		};
		C033FF1120B5177000470BFC /* Build configuration list for PBXNativeTarget "iOSExperience" */ = {
			isa = XCConfigurationList;
			buildConfigurations = (
				C033FF1220B5177000470BFC /* Debug */,
				C033FF1320B5177000470BFC /* Release */,
			);
			defaultConfigurationIsVisible = 0;
			defaultConfigurationName = Release;
		};
/* End XCConfigurationList section */
	};
	rootObject = C033FEF320B5176E00470BFC /* Project object */;
}
